<?xml version="1.0" encoding="UTF-8" standalone="yes" ?>
<CodeBlocks_project_file>
   <FileVersion major="1" minor="6" />
   <Project>
      <Option title="iCell" />
      <Option makefile_is_custom="1" />
      <Option compiler="gcc" />
      <Option virtualFolders="CMake Files\;CMake Files\..\;CMake Files\..\..\;CMake Files\..\..\..\;CMake Files\..\..\..\..\;CMake Files\..\..\..\..\..\;CMake Files\..\..\..\..\..\..\;CMake Files\..\..\..\..\..\..\..\;CMake Files\..\..\..\..\..\..\..\usr\;CMake Files\..\..\..\..\..\..\..\usr\local\;CMake Files\..\..\..\..\..\..\..\usr\local\lib\;CMake Files\..\..\..\..\..\..\..\usr\local\lib\cmake\;CMake Files\..\..\..\..\..\..\..\usr\local\lib\cmake\ITK-4.6\;CMake Files\..\..\..\..\..\..\..\usr\local\lib\cmake\ITK-4.6\Modules\;CMake Files\..\..\..\..\..\..\..\usr\local\lib\cmake\vtk-6.1\;CMake Files\..\..\..\..\..\..\..\usr\local\lib\cmake\vtk-6.1\Modules\;" />
      <Build>
      <Target title="all">
         <Option working_dir="/Users/HyoMinLee/Desktop/IndependentStudy/HW2/Code/iCell-build" />
         <Option type="4" />
         <MakeCommands>
            <Build command="/usr/bin/make -f &quot;/Users/HyoMinLee/Desktop/IndependentStudy/HW2/Code/iCell-build/Makefile&quot;  VERBOSE=1 all" />
            <CompileFile command="/usr/bin/make -f &quot;/Users/HyoMinLee/Desktop/IndependentStudy/HW2/Code/iCell-build/Makefile&quot;  VERBOSE=1 &quot;$file&quot;" />
            <Clean command="/usr/bin/make -f &quot;/Users/HyoMinLee/Desktop/IndependentStudy/HW2/Code/iCell-build/Makefile&quot;  VERBOSE=1 clean" />
            <DistClean command="/usr/bin/make -f &quot;/Users/HyoMinLee/Desktop/IndependentStudy/HW2/Code/iCell-build/Makefile&quot;  VERBOSE=1 clean" />
         </MakeCommands>
      </Target>
      <Target title="icell_apply">
         <Option output="/Users/HyoMinLee/Desktop/IndependentStudy/HW2/Code/iCell-build/icell_apply" prefix_auto="0" extension_auto="0" />
         <Option working_dir="/Users/HyoMinLee/Desktop/IndependentStudy/HW2/Code/iCell-build" />
         <Option object_output="./" />
         <Option type="1" />
         <Option compiler="gcc" />
         <Compiler>
            <Add option="-DITK_IO_FACTORY_REGISTER_MANAGER" />
            <Add option="-DvtkRenderingCore_AUTOINIT=4(vtkInteractionStyle,vtkRenderingFreeType,vtkRenderingFreeTypeOpenGL,vtkRenderingOpenGL)" />
            <Add option="-DvtkRenderingVolume_AUTOINIT=1(vtkRenderingVolumeOpenGL)" />
            <Add directory="/Users/HyoMinLee/Desktop/IndependentStudy/HW2/Code/iCell-build/ITKIOFactoryRegistration" />
            <Add directory="/Users/HyoMinLee/Desktop/IndependentStudy/HW2/Code/iCell/Library" />
            <Add directory="/usr/local/include/ITK-4.6" />
            <Add directory="/usr/local/include/vtk-6.1" />
         </Compiler>
         <MakeCommands>
            <Build command="/usr/bin/make -f &quot;/Users/HyoMinLee/Desktop/IndependentStudy/HW2/Code/iCell-build/Makefile&quot;  VERBOSE=1 icell_apply" />
            <CompileFile command="/usr/bin/make -f &quot;/Users/HyoMinLee/Desktop/IndependentStudy/HW2/Code/iCell-build/Makefile&quot;  VERBOSE=1 &quot;$file&quot;" />
            <Clean command="/usr/bin/make -f &quot;/Users/HyoMinLee/Desktop/IndependentStudy/HW2/Code/iCell-build/Makefile&quot;  VERBOSE=1 clean" />
            <DistClean command="/usr/bin/make -f &quot;/Users/HyoMinLee/Desktop/IndependentStudy/HW2/Code/iCell-build/Makefile&quot;  VERBOSE=1 clean" />
         </MakeCommands>
      </Target>
      <Target title="icell_apply/fast">
         <Option output="/Users/HyoMinLee/Desktop/IndependentStudy/HW2/Code/iCell-build/icell_apply" prefix_auto="0" extension_auto="0" />
         <Option working_dir="/Users/HyoMinLee/Desktop/IndependentStudy/HW2/Code/iCell-build" />
         <Option object_output="./" />
         <Option type="1" />
         <Option compiler="gcc" />
         <Compiler>
            <Add option="-DITK_IO_FACTORY_REGISTER_MANAGER" />
            <Add option="-DvtkRenderingCore_AUTOINIT=4(vtkInteractionStyle,vtkRenderingFreeType,vtkRenderingFreeTypeOpenGL,vtkRenderingOpenGL)" />
            <Add option="-DvtkRenderingVolume_AUTOINIT=1(vtkRenderingVolumeOpenGL)" />
            <Add directory="/Users/HyoMinLee/Desktop/IndependentStudy/HW2/Code/iCell-build/ITKIOFactoryRegistration" />
            <Add directory="/Users/HyoMinLee/Desktop/IndependentStudy/HW2/Code/iCell/Library" />
            <Add directory="/usr/local/include/ITK-4.6" />
            <Add directory="/usr/local/include/vtk-6.1" />
         </Compiler>
         <MakeCommands>
            <Build command="/usr/bin/make -f &quot;/Users/HyoMinLee/Desktop/IndependentStudy/HW2/Code/iCell-build/Makefile&quot;  VERBOSE=1 icell_apply/fast" />
            <CompileFile command="/usr/bin/make -f &quot;/Users/HyoMinLee/Desktop/IndependentStudy/HW2/Code/iCell-build/Makefile&quot;  VERBOSE=1 &quot;$file&quot;" />
            <Clean command="/usr/bin/make -f &quot;/Users/HyoMinLee/Desktop/IndependentStudy/HW2/Code/iCell-build/Makefile&quot;  VERBOSE=1 clean" />
            <DistClean command="/usr/bin/make -f &quot;/Users/HyoMinLee/Desktop/IndependentStudy/HW2/Code/iCell-build/Makefile&quot;  VERBOSE=1 clean" />
         </MakeCommands>
      </Target>
      <Target title="edit_cache">
         <Option working_dir="/Users/HyoMinLee/Desktop/IndependentStudy/HW2/Code/iCell-build" />
         <Option type="4" />
         <MakeCommands>
            <Build command="/usr/bin/make -f &quot;/Users/HyoMinLee/Desktop/IndependentStudy/HW2/Code/iCell-build/Makefile&quot;  VERBOSE=1 edit_cache" />
            <CompileFile command="/usr/bin/make -f &quot;/Users/HyoMinLee/Desktop/IndependentStudy/HW2/Code/iCell-build/Makefile&quot;  VERBOSE=1 &quot;$file&quot;" />
            <Clean command="/usr/bin/make -f &quot;/Users/HyoMinLee/Desktop/IndependentStudy/HW2/Code/iCell-build/Makefile&quot;  VERBOSE=1 clean" />
            <DistClean command="/usr/bin/make -f &quot;/Users/HyoMinLee/Desktop/IndependentStudy/HW2/Code/iCell-build/Makefile&quot;  VERBOSE=1 clean" />
         </MakeCommands>
      </Target>
      <Target title="rebuild_cache">
         <Option working_dir="/Users/HyoMinLee/Desktop/IndependentStudy/HW2/Code/iCell-build" />
         <Option type="4" />
         <MakeCommands>
            <Build command="/usr/bin/make -f &quot;/Users/HyoMinLee/Desktop/IndependentStudy/HW2/Code/iCell-build/Makefile&quot;  VERBOSE=1 rebuild_cache" />
            <CompileFile command="/usr/bin/make -f &quot;/Users/HyoMinLee/Desktop/IndependentStudy/HW2/Code/iCell-build/Makefile&quot;  VERBOSE=1 &quot;$file&quot;" />
            <Clean command="/usr/bin/make -f &quot;/Users/HyoMinLee/Desktop/IndependentStudy/HW2/Code/iCell-build/Makefile&quot;  VERBOSE=1 clean" />
            <DistClean command="/usr/bin/make -f &quot;/Users/HyoMinLee/Desktop/IndependentStudy/HW2/Code/iCell-build/Makefile&quot;  VERBOSE=1 clean" />
         </MakeCommands>
      </Target>
      <Target title="icell_train">
         <Option output="/Users/HyoMinLee/Desktop/IndependentStudy/HW2/Code/iCell-build/icell_train" prefix_auto="0" extension_auto="0" />
         <Option working_dir="/Users/HyoMinLee/Desktop/IndependentStudy/HW2/Code/iCell-build" />
         <Option object_output="./" />
         <Option type="1" />
         <Option compiler="gcc" />
         <Compiler>
            <Add option="-DITK_IO_FACTORY_REGISTER_MANAGER" />
            <Add option="-DvtkRenderingCore_AUTOINIT=4(vtkInteractionStyle,vtkRenderingFreeType,vtkRenderingFreeTypeOpenGL,vtkRenderingOpenGL)" />
            <Add option="-DvtkRenderingVolume_AUTOINIT=1(vtkRenderingVolumeOpenGL)" />
            <Add directory="/Users/HyoMinLee/Desktop/IndependentStudy/HW2/Code/iCell-build/ITKIOFactoryRegistration" />
            <Add directory="/Users/HyoMinLee/Desktop/IndependentStudy/HW2/Code/iCell/Library" />
            <Add directory="/usr/local/include/ITK-4.6" />
            <Add directory="/usr/local/include/vtk-6.1" />
         </Compiler>
         <MakeCommands>
            <Build command="/usr/bin/make -f &quot;/Users/HyoMinLee/Desktop/IndependentStudy/HW2/Code/iCell-build/Makefile&quot;  VERBOSE=1 icell_train" />
            <CompileFile command="/usr/bin/make -f &quot;/Users/HyoMinLee/Desktop/IndependentStudy/HW2/Code/iCell-build/Makefile&quot;  VERBOSE=1 &quot;$file&quot;" />
            <Clean command="/usr/bin/make -f &quot;/Users/HyoMinLee/Desktop/IndependentStudy/HW2/Code/iCell-build/Makefile&quot;  VERBOSE=1 clean" />
            <DistClean command="/usr/bin/make -f &quot;/Users/HyoMinLee/Desktop/IndependentStudy/HW2/Code/iCell-build/Makefile&quot;  VERBOSE=1 clean" />
         </MakeCommands>
      </Target>
      <Target title="icell_train/fast">
         <Option output="/Users/HyoMinLee/Desktop/IndependentStudy/HW2/Code/iCell-build/icell_train" prefix_auto="0" extension_auto="0" />
         <Option working_dir="/Users/HyoMinLee/Desktop/IndependentStudy/HW2/Code/iCell-build" />
         <Option object_output="./" />
         <Option type="1" />
         <Option compiler="gcc" />
         <Compiler>
            <Add option="-DITK_IO_FACTORY_REGISTER_MANAGER" />
            <Add option="-DvtkRenderingCore_AUTOINIT=4(vtkInteractionStyle,vtkRenderingFreeType,vtkRenderingFreeTypeOpenGL,vtkRenderingOpenGL)" />
            <Add option="-DvtkRenderingVolume_AUTOINIT=1(vtkRenderingVolumeOpenGL)" />
            <Add directory="/Users/HyoMinLee/Desktop/IndependentStudy/HW2/Code/iCell-build/ITKIOFactoryRegistration" />
            <Add directory="/Users/HyoMinLee/Desktop/IndependentStudy/HW2/Code/iCell/Library" />
            <Add directory="/usr/local/include/ITK-4.6" />
            <Add directory="/usr/local/include/vtk-6.1" />
         </Compiler>
         <MakeCommands>
            <Build command="/usr/bin/make -f &quot;/Users/HyoMinLee/Desktop/IndependentStudy/HW2/Code/iCell-build/Makefile&quot;  VERBOSE=1 icell_train/fast" />
            <CompileFile command="/usr/bin/make -f &quot;/Users/HyoMinLee/Desktop/IndependentStudy/HW2/Code/iCell-build/Makefile&quot;  VERBOSE=1 &quot;$file&quot;" />
            <Clean command="/usr/bin/make -f &quot;/Users/HyoMinLee/Desktop/IndependentStudy/HW2/Code/iCell-build/Makefile&quot;  VERBOSE=1 clean" />
            <DistClean command="/usr/bin/make -f &quot;/Users/HyoMinLee/Desktop/IndependentStudy/HW2/Code/iCell-build/Makefile&quot;  VERBOSE=1 clean" />
         </MakeCommands>
      </Target>
      </Build>
      <Unit filename="/Users/HyoMinLee/Desktop/IndependentStudy/HW2/Code/iCell/apply_main.cpp">
      </Unit>
      <Unit filename="/Users/HyoMinLee/Desktop/IndependentStudy/HW2/Code/iCell/main.cpp">
      </Unit>
      <Unit filename="/Users/HyoMinLee/Desktop/IndependentStudy/HW2/Code/iCell/Library/ImageCollectionToImageFilter.h">
      </Unit>
      <Unit filename="/Users/HyoMinLee/Desktop/IndependentStudy/HW2/Code/iCell/Library/RFapply.h">
      </Unit>
      <Unit filename="/Users/HyoMinLee/Desktop/IndependentStudy/HW2/Code/iCell/Library/RFapply.txx">
      </Unit>
      <Unit filename="/Users/HyoMinLee/Desktop/IndependentStudy/HW2/Code/iCell/Library/RFsample.h">
      </Unit>
      <Unit filename="/Users/HyoMinLee/Desktop/IndependentStudy/HW2/Code/iCell/Library/RFsample.txx">
      </Unit>
      <Unit filename="/Users/HyoMinLee/Desktop/IndependentStudy/HW2/Code/iCell/Library/classification.h">
      </Unit>
      <Unit filename="/Users/HyoMinLee/Desktop/IndependentStudy/HW2/Code/iCell/Library/classifier.h">
      </Unit>
      <Unit filename="/Users/HyoMinLee/Desktop/IndependentStudy/HW2/Code/iCell/Library/data.h">
      </Unit>
      <Unit filename="/Users/HyoMinLee/Desktop/IndependentStudy/HW2/Code/iCell/Library/forest.h">
      </Unit>
      <Unit filename="/Users/HyoMinLee/Desktop/IndependentStudy/HW2/Code/iCell/Library/imageio.h">
      </Unit>
      <Unit filename="/Users/HyoMinLee/Desktop/IndependentStudy/HW2/Code/iCell/Library/linearalgebra.h">
      </Unit>
      <Unit filename="/Users/HyoMinLee/Desktop/IndependentStudy/HW2/Code/iCell/Library/node.h">
      </Unit>
      <Unit filename="/Users/HyoMinLee/Desktop/IndependentStudy/HW2/Code/iCell/Library/random.h">
      </Unit>
      <Unit filename="/Users/HyoMinLee/Desktop/IndependentStudy/HW2/Code/iCell/Library/statistics.h">
      </Unit>
      <Unit filename="/Users/HyoMinLee/Desktop/IndependentStudy/HW2/Code/iCell/Library/trainer.h">
      </Unit>
      <Unit filename="/Users/HyoMinLee/Desktop/IndependentStudy/HW2/Code/iCell/Library/trainingcontext.h">
      </Unit>
      <Unit filename="/Users/HyoMinLee/Desktop/IndependentStudy/HW2/Code/iCell/Library/tree.h">
      </Unit>
      <Unit filename="/Users/HyoMinLee/Desktop/IndependentStudy/HW2/Code/iCell/Library/type.h">
      </Unit>
      <Unit filename="/Users/HyoMinLee/Desktop/IndependentStudy/HW2/Code/iCell/Library/utility.h">
      </Unit>
      <Unit filename="/Users/HyoMinLee/Desktop/IndependentStudy/HW2/Code/iCell/CMakeLists.txt">
          <Option virtualFolder="CMake Files\" />
      </Unit>
      <Unit filename="/Users/HyoMinLee/Desktop/IndependentStudy/HW2/Code/iCell/../../../../../../../usr/local/lib/cmake/ITK-4.6/ITKConfigVersion.cmake">
          <Option virtualFolder="CMake Files\..\..\..\..\..\..\..\usr\local\lib\cmake\ITK-4.6\" />
      </Unit>
      <Unit filename="/Users/HyoMinLee/Desktop/IndependentStudy/HW2/Code/iCell/../../../../../../../usr/local/lib/cmake/ITK-4.6/ITKConfig.cmake">
          <Option virtualFolder="CMake Files\..\..\..\..\..\..\..\usr\local\lib\cmake\ITK-4.6\" />
      </Unit>
      <Unit filename="/Users/HyoMinLee/Desktop/IndependentStudy/HW2/Code/iCell/../../../../../../../usr/local/lib/cmake/ITK-4.6/ITKTargets.cmake">
          <Option virtualFolder="CMake Files\..\..\..\..\..\..\..\usr\local\lib\cmake\ITK-4.6\" />
      </Unit>
      <Unit filename="/Users/HyoMinLee/Desktop/IndependentStudy/HW2/Code/iCell/../../../../../../../usr/local/lib/cmake/ITK-4.6/ITKTargets-release.cmake">
          <Option virtualFolder="CMake Files\..\..\..\..\..\..\..\usr\local\lib\cmake\ITK-4.6\" />
      </Unit>
      <Unit filename="/Users/HyoMinLee/Desktop/IndependentStudy/HW2/Code/iCell/../../../../../../../usr/local/lib/cmake/ITK-4.6/ITKModuleAPI.cmake">
          <Option virtualFolder="CMake Files\..\..\..\..\..\..\..\usr\local\lib\cmake\ITK-4.6\" />
      </Unit>
      <Unit filename="/Users/HyoMinLee/Desktop/IndependentStudy/HW2/Code/iCell/../../../../../../../usr/local/lib/cmake/ITK-4.6/UseITK.cmake">
          <Option virtualFolder="CMake Files\..\..\..\..\..\..\..\usr\local\lib\cmake\ITK-4.6\" />
      </Unit>
      <Unit filename="/Users/HyoMinLee/Desktop/IndependentStudy/HW2/Code/iCell/../../../../../../../usr/local/lib/cmake/ITK-4.6/itkImageIOFactoryRegisterManager.h.in">
          <Option virtualFolder="CMake Files\..\..\..\..\..\..\..\usr\local\lib\cmake\ITK-4.6\" />
      </Unit>
      <Unit filename="/Users/HyoMinLee/Desktop/IndependentStudy/HW2/Code/iCell/../../../../../../../usr/local/lib/cmake/ITK-4.6/itkTransformIOFactoryRegisterManager.h.in">
          <Option virtualFolder="CMake Files\..\..\..\..\..\..\..\usr\local\lib\cmake\ITK-4.6\" />
      </Unit>
      <Unit filename="/Users/HyoMinLee/Desktop/IndependentStudy/HW2/Code/iCell/../../../../../../../usr/local/lib/cmake/ITK-4.6/Modules/ITKDoubleConversion.cmake">
          <Option virtualFolder="CMake Files\..\..\..\..\..\..\..\usr\local\lib\cmake\ITK-4.6\Modules\" />
      </Unit>
      <Unit filename="/Users/HyoMinLee/Desktop/IndependentStudy/HW2/Code/iCell/../../../../../../../usr/local/lib/cmake/ITK-4.6/Modules/ITKKWSys.cmake">
          <Option virtualFolder="CMake Files\..\..\..\..\..\..\..\usr\local\lib\cmake\ITK-4.6\Modules\" />
      </Unit>
      <Unit filename="/Users/HyoMinLee/Desktop/IndependentStudy/HW2/Code/iCell/../../../../../../../usr/local/lib/cmake/ITK-4.6/Modules/ITKVNL.cmake">
          <Option virtualFolder="CMake Files\..\..\..\..\..\..\..\usr\local\lib\cmake\ITK-4.6\Modules\" />
      </Unit>
      <Unit filename="/Users/HyoMinLee/Desktop/IndependentStudy/HW2/Code/iCell/../../../../../../../usr/local/lib/cmake/ITK-4.6/Modules/ITKVNLInstantiation.cmake">
          <Option virtualFolder="CMake Files\..\..\..\..\..\..\..\usr\local\lib\cmake\ITK-4.6\Modules\" />
      </Unit>
      <Unit filename="/Users/HyoMinLee/Desktop/IndependentStudy/HW2/Code/iCell/../../../../../../../usr/local/lib/cmake/ITK-4.6/Modules/ITKCommon.cmake">
          <Option virtualFolder="CMake Files\..\..\..\..\..\..\..\usr\local\lib\cmake\ITK-4.6\Modules\" />
      </Unit>
      <Unit filename="/Users/HyoMinLee/Desktop/IndependentStudy/HW2/Code/iCell/../../../../../../../usr/local/lib/cmake/ITK-4.6/Modules/ITKFiniteDifference.cmake">
          <Option virtualFolder="CMake Files\..\..\..\..\..\..\..\usr\local\lib\cmake\ITK-4.6\Modules\" />
      </Unit>
      <Unit filename="/Users/HyoMinLee/Desktop/IndependentStudy/HW2/Code/iCell/../../../../../../../usr/local/lib/cmake/ITK-4.6/Modules/ITKImageFilterBase.cmake">
          <Option virtualFolder="CMake Files\..\..\..\..\..\..\..\usr\local\lib\cmake\ITK-4.6\Modules\" />
      </Unit>
      <Unit filename="/Users/HyoMinLee/Desktop/IndependentStudy/HW2/Code/iCell/../../../../../../../usr/local/lib/cmake/ITK-4.6/Modules/ITKCurvatureFlow.cmake">
          <Option virtualFolder="CMake Files\..\..\..\..\..\..\..\usr\local\lib\cmake\ITK-4.6\Modules\" />
      </Unit>
      <Unit filename="/Users/HyoMinLee/Desktop/IndependentStudy/HW2/Code/iCell/../../../../../../../usr/local/lib/cmake/ITK-4.6/Modules/ITKImageAdaptors.cmake">
          <Option virtualFolder="CMake Files\..\..\..\..\..\..\..\usr\local\lib\cmake\ITK-4.6\Modules\" />
      </Unit>
      <Unit filename="/Users/HyoMinLee/Desktop/IndependentStudy/HW2/Code/iCell/../../../../../../../usr/local/lib/cmake/ITK-4.6/Modules/ITKNetlib.cmake">
          <Option virtualFolder="CMake Files\..\..\..\..\..\..\..\usr\local\lib\cmake\ITK-4.6\Modules\" />
      </Unit>
      <Unit filename="/Users/HyoMinLee/Desktop/IndependentStudy/HW2/Code/iCell/../../../../../../../usr/local/lib/cmake/ITK-4.6/Modules/ITKStatistics.cmake">
          <Option virtualFolder="CMake Files\..\..\..\..\..\..\..\usr\local\lib\cmake\ITK-4.6\Modules\" />
      </Unit>
      <Unit filename="/Users/HyoMinLee/Desktop/IndependentStudy/HW2/Code/iCell/../../../../../../../usr/local/lib/cmake/ITK-4.6/Modules/ITKTransform.cmake">
          <Option virtualFolder="CMake Files\..\..\..\..\..\..\..\usr\local\lib\cmake\ITK-4.6\Modules\" />
      </Unit>
      <Unit filename="/Users/HyoMinLee/Desktop/IndependentStudy/HW2/Code/iCell/../../../../../../../usr/local/lib/cmake/ITK-4.6/Modules/ITKImageFunction.cmake">
          <Option virtualFolder="CMake Files\..\..\..\..\..\..\..\usr\local\lib\cmake\ITK-4.6\Modules\" />
      </Unit>
      <Unit filename="/Users/HyoMinLee/Desktop/IndependentStudy/HW2/Code/iCell/../../../../../../../usr/local/lib/cmake/ITK-4.6/Modules/ITKImageGrid.cmake">
          <Option virtualFolder="CMake Files\..\..\..\..\..\..\..\usr\local\lib\cmake\ITK-4.6\Modules\" />
      </Unit>
      <Unit filename="/Users/HyoMinLee/Desktop/IndependentStudy/HW2/Code/iCell/../../../../../../../usr/local/lib/cmake/ITK-4.6/Modules/ITKAnisotropicSmoothing.cmake">
          <Option virtualFolder="CMake Files\..\..\..\..\..\..\..\usr\local\lib\cmake\ITK-4.6\Modules\" />
      </Unit>
      <Unit filename="/Users/HyoMinLee/Desktop/IndependentStudy/HW2/Code/iCell/../../../../../../../usr/local/lib/cmake/ITK-4.6/Modules/ITKIOImageBase.cmake">
          <Option virtualFolder="CMake Files\..\..\..\..\..\..\..\usr\local\lib\cmake\ITK-4.6\Modules\" />
      </Unit>
      <Unit filename="/Users/HyoMinLee/Desktop/IndependentStudy/HW2/Code/iCell/../../../../../../../usr/local/lib/cmake/ITK-4.6/Modules/ITKIOBMP.cmake">
          <Option virtualFolder="CMake Files\..\..\..\..\..\..\..\usr\local\lib\cmake\ITK-4.6\Modules\" />
      </Unit>
      <Unit filename="/Users/HyoMinLee/Desktop/IndependentStudy/HW2/Code/iCell/../../../../../../../usr/local/lib/cmake/ITK-4.6/Modules/ITKIOBioRad.cmake">
          <Option virtualFolder="CMake Files\..\..\..\..\..\..\..\usr\local\lib\cmake\ITK-4.6\Modules\" />
      </Unit>
      <Unit filename="/Users/HyoMinLee/Desktop/IndependentStudy/HW2/Code/iCell/../../../../../../../usr/local/lib/cmake/ITK-4.6/Modules/ITKExpat.cmake">
          <Option virtualFolder="CMake Files\..\..\..\..\..\..\..\usr\local\lib\cmake\ITK-4.6\Modules\" />
      </Unit>
      <Unit filename="/Users/HyoMinLee/Desktop/IndependentStudy/HW2/Code/iCell/../../../../../../../usr/local/lib/cmake/ITK-4.6/Modules/ITKOpenJPEG.cmake">
          <Option virtualFolder="CMake Files\..\..\..\..\..\..\..\usr\local\lib\cmake\ITK-4.6\Modules\" />
      </Unit>
      <Unit filename="/Users/HyoMinLee/Desktop/IndependentStudy/HW2/Code/iCell/../../../../../../../usr/local/lib/cmake/ITK-4.6/Modules/ITKZLIB.cmake">
          <Option virtualFolder="CMake Files\..\..\..\..\..\..\..\usr\local\lib\cmake\ITK-4.6\Modules\" />
      </Unit>
      <Unit filename="/Users/HyoMinLee/Desktop/IndependentStudy/HW2/Code/iCell/../../../../../../../usr/local/lib/cmake/ITK-4.6/Modules/ITKGDCM.cmake">
          <Option virtualFolder="CMake Files\..\..\..\..\..\..\..\usr\local\lib\cmake\ITK-4.6\Modules\" />
      </Unit>
      <Unit filename="/Users/HyoMinLee/Desktop/IndependentStudy/HW2/Code/iCell/../../../../../../../usr/local/lib/cmake/ITK-4.6/Modules/ITKIOGDCM.cmake">
          <Option virtualFolder="CMake Files\..\..\..\..\..\..\..\usr\local\lib\cmake\ITK-4.6\Modules\" />
      </Unit>
      <Unit filename="/Users/HyoMinLee/Desktop/IndependentStudy/HW2/Code/iCell/../../../../../../../usr/local/lib/cmake/ITK-4.6/Modules/ITKIOGIPL.cmake">
          <Option virtualFolder="CMake Files\..\..\..\..\..\..\..\usr\local\lib\cmake\ITK-4.6\Modules\" />
      </Unit>
      <Unit filename="/Users/HyoMinLee/Desktop/IndependentStudy/HW2/Code/iCell/../../../../../../../usr/local/lib/cmake/ITK-4.6/Modules/ITKJPEG.cmake">
          <Option virtualFolder="CMake Files\..\..\..\..\..\..\..\usr\local\lib\cmake\ITK-4.6\Modules\" />
      </Unit>
      <Unit filename="/Users/HyoMinLee/Desktop/IndependentStudy/HW2/Code/iCell/../../../../../../../usr/local/lib/cmake/ITK-4.6/Modules/ITKIOJPEG.cmake">
          <Option virtualFolder="CMake Files\..\..\..\..\..\..\..\usr\local\lib\cmake\ITK-4.6\Modules\" />
      </Unit>
      <Unit filename="/Users/HyoMinLee/Desktop/IndependentStudy/HW2/Code/iCell/../../../../../../../usr/local/lib/cmake/ITK-4.6/Modules/ITKTIFF.cmake">
          <Option virtualFolder="CMake Files\..\..\..\..\..\..\..\usr\local\lib\cmake\ITK-4.6\Modules\" />
      </Unit>
      <Unit filename="/Users/HyoMinLee/Desktop/IndependentStudy/HW2/Code/iCell/../../../../../../../usr/local/lib/cmake/ITK-4.6/Modules/ITKIOTIFF.cmake">
          <Option virtualFolder="CMake Files\..\..\..\..\..\..\..\usr\local\lib\cmake\ITK-4.6\Modules\" />
      </Unit>
      <Unit filename="/Users/HyoMinLee/Desktop/IndependentStudy/HW2/Code/iCell/../../../../../../../usr/local/lib/cmake/ITK-4.6/Modules/ITKIOLSM.cmake">
          <Option virtualFolder="CMake Files\..\..\..\..\..\..\..\usr\local\lib\cmake\ITK-4.6\Modules\" />
      </Unit>
      <Unit filename="/Users/HyoMinLee/Desktop/IndependentStudy/HW2/Code/iCell/../../../../../../../usr/local/lib/cmake/ITK-4.6/Modules/ITKMetaIO.cmake">
          <Option virtualFolder="CMake Files\..\..\..\..\..\..\..\usr\local\lib\cmake\ITK-4.6\Modules\" />
      </Unit>
      <Unit filename="/Users/HyoMinLee/Desktop/IndependentStudy/HW2/Code/iCell/../../../../../../../usr/local/lib/cmake/ITK-4.6/Modules/ITKIOMeta.cmake">
          <Option virtualFolder="CMake Files\..\..\..\..\..\..\..\usr\local\lib\cmake\ITK-4.6\Modules\" />
      </Unit>
      <Unit filename="/Users/HyoMinLee/Desktop/IndependentStudy/HW2/Code/iCell/../../../../../../../usr/local/lib/cmake/ITK-4.6/Modules/ITKNIFTI.cmake">
          <Option virtualFolder="CMake Files\..\..\..\..\..\..\..\usr\local\lib\cmake\ITK-4.6\Modules\" />
      </Unit>
      <Unit filename="/Users/HyoMinLee/Desktop/IndependentStudy/HW2/Code/iCell/../../../../../../../usr/local/lib/cmake/ITK-4.6/Modules/ITKIONIFTI.cmake">
          <Option virtualFolder="CMake Files\..\..\..\..\..\..\..\usr\local\lib\cmake\ITK-4.6\Modules\" />
      </Unit>
      <Unit filename="/Users/HyoMinLee/Desktop/IndependentStudy/HW2/Code/iCell/../../../../../../../usr/local/lib/cmake/ITK-4.6/Modules/ITKNrrdIO.cmake">
          <Option virtualFolder="CMake Files\..\..\..\..\..\..\..\usr\local\lib\cmake\ITK-4.6\Modules\" />
      </Unit>
      <Unit filename="/Users/HyoMinLee/Desktop/IndependentStudy/HW2/Code/iCell/../../../../../../../usr/local/lib/cmake/ITK-4.6/Modules/ITKIONRRD.cmake">
          <Option virtualFolder="CMake Files\..\..\..\..\..\..\..\usr\local\lib\cmake\ITK-4.6\Modules\" />
      </Unit>
      <Unit filename="/Users/HyoMinLee/Desktop/IndependentStudy/HW2/Code/iCell/../../../../../../../usr/local/lib/cmake/ITK-4.6/Modules/ITKPNG.cmake">
          <Option virtualFolder="CMake Files\..\..\..\..\..\..\..\usr\local\lib\cmake\ITK-4.6\Modules\" />
      </Unit>
      <Unit filename="/Users/HyoMinLee/Desktop/IndependentStudy/HW2/Code/iCell/../../../../../../../usr/local/lib/cmake/ITK-4.6/Modules/ITKIOPNG.cmake">
          <Option virtualFolder="CMake Files\..\..\..\..\..\..\..\usr\local\lib\cmake\ITK-4.6\Modules\" />
      </Unit>
      <Unit filename="/Users/HyoMinLee/Desktop/IndependentStudy/HW2/Code/iCell/../../../../../../../usr/local/lib/cmake/ITK-4.6/Modules/ITKIOStimulate.cmake">
          <Option virtualFolder="CMake Files\..\..\..\..\..\..\..\usr\local\lib\cmake\ITK-4.6\Modules\" />
      </Unit>
      <Unit filename="/Users/HyoMinLee/Desktop/IndependentStudy/HW2/Code/iCell/../../../../../../../usr/local/lib/cmake/ITK-4.6/Modules/ITKIOVTK.cmake">
          <Option virtualFolder="CMake Files\..\..\..\..\..\..\..\usr\local\lib\cmake\ITK-4.6\Modules\" />
      </Unit>
      <Unit filename="/Users/HyoMinLee/Desktop/IndependentStudy/HW2/Code/iCell/../../../../../../../usr/local/lib/cmake/ITK-4.6/Modules/ITKTestKernel.cmake">
          <Option virtualFolder="CMake Files\..\..\..\..\..\..\..\usr\local\lib\cmake\ITK-4.6\Modules\" />
      </Unit>
      <Unit filename="/Users/HyoMinLee/Desktop/IndependentStudy/HW2/Code/iCell/../../../../../../../usr/local/lib/cmake/ITK-4.6/Modules/ITKImageCompose.cmake">
          <Option virtualFolder="CMake Files\..\..\..\..\..\..\..\usr\local\lib\cmake\ITK-4.6\Modules\" />
      </Unit>
      <Unit filename="/Users/HyoMinLee/Desktop/IndependentStudy/HW2/Code/iCell/../../../../../../../usr/local/lib/cmake/ITK-4.6/Modules/ITKMesh.cmake">
          <Option virtualFolder="CMake Files\..\..\..\..\..\..\..\usr\local\lib\cmake\ITK-4.6\Modules\" />
      </Unit>
      <Unit filename="/Users/HyoMinLee/Desktop/IndependentStudy/HW2/Code/iCell/../../../../../../../usr/local/lib/cmake/ITK-4.6/Modules/ITKSpatialObjects.cmake">
          <Option virtualFolder="CMake Files\..\..\..\..\..\..\..\usr\local\lib\cmake\ITK-4.6\Modules\" />
      </Unit>
      <Unit filename="/Users/HyoMinLee/Desktop/IndependentStudy/HW2/Code/iCell/../../../../../../../usr/local/lib/cmake/ITK-4.6/Modules/ITKImageStatistics.cmake">
          <Option virtualFolder="CMake Files\..\..\..\..\..\..\..\usr\local\lib\cmake\ITK-4.6\Modules\" />
      </Unit>
      <Unit filename="/Users/HyoMinLee/Desktop/IndependentStudy/HW2/Code/iCell/../../../../../../../usr/local/lib/cmake/ITK-4.6/Modules/ITKPath.cmake">
          <Option virtualFolder="CMake Files\..\..\..\..\..\..\..\usr\local\lib\cmake\ITK-4.6\Modules\" />
      </Unit>
      <Unit filename="/Users/HyoMinLee/Desktop/IndependentStudy/HW2/Code/iCell/../../../../../../../usr/local/lib/cmake/ITK-4.6/Modules/ITKImageIntensity.cmake">
          <Option virtualFolder="CMake Files\..\..\..\..\..\..\..\usr\local\lib\cmake\ITK-4.6\Modules\" />
      </Unit>
      <Unit filename="/Users/HyoMinLee/Desktop/IndependentStudy/HW2/Code/iCell/../../../../../../../usr/local/lib/cmake/ITK-4.6/Modules/ITKImageLabel.cmake">
          <Option virtualFolder="CMake Files\..\..\..\..\..\..\..\usr\local\lib\cmake\ITK-4.6\Modules\" />
      </Unit>
      <Unit filename="/Users/HyoMinLee/Desktop/IndependentStudy/HW2/Code/iCell/../../../../../../../usr/local/lib/cmake/ITK-4.6/Modules/ITKThresholding.cmake">
          <Option virtualFolder="CMake Files\..\..\..\..\..\..\..\usr\local\lib\cmake\ITK-4.6\Modules\" />
      </Unit>
      <Unit filename="/Users/HyoMinLee/Desktop/IndependentStudy/HW2/Code/iCell/../../../../../../../usr/local/lib/cmake/ITK-4.6/Modules/ITKConnectedComponents.cmake">
          <Option virtualFolder="CMake Files\..\..\..\..\..\..\..\usr\local\lib\cmake\ITK-4.6\Modules\" />
      </Unit>
      <Unit filename="/Users/HyoMinLee/Desktop/IndependentStudy/HW2/Code/iCell/../../../../../../../usr/local/lib/cmake/ITK-4.6/Modules/ITKMathematicalMorphology.cmake">
          <Option virtualFolder="CMake Files\..\..\..\..\..\..\..\usr\local\lib\cmake\ITK-4.6\Modules\" />
      </Unit>
      <Unit filename="/Users/HyoMinLee/Desktop/IndependentStudy/HW2/Code/iCell/../../../../../../../usr/local/lib/cmake/ITK-4.6/Modules/ITKLabelMap.cmake">
          <Option virtualFolder="CMake Files\..\..\..\..\..\..\..\usr\local\lib\cmake\ITK-4.6\Modules\" />
      </Unit>
      <Unit filename="/Users/HyoMinLee/Desktop/IndependentStudy/HW2/Code/iCell/../../../../../../../usr/local/lib/cmake/ITK-4.6/Modules/ITKBinaryMathematicalMorphology.cmake">
          <Option virtualFolder="CMake Files\..\..\..\..\..\..\..\usr\local\lib\cmake\ITK-4.6\Modules\" />
      </Unit>
      <Unit filename="/Users/HyoMinLee/Desktop/IndependentStudy/HW2/Code/iCell/../../../../../../../usr/local/lib/cmake/ITK-4.6/Modules/ITKNarrowBand.cmake">
          <Option virtualFolder="CMake Files\..\..\..\..\..\..\..\usr\local\lib\cmake\ITK-4.6\Modules\" />
      </Unit>
      <Unit filename="/Users/HyoMinLee/Desktop/IndependentStudy/HW2/Code/iCell/../../../../../../../usr/local/lib/cmake/ITK-4.6/Modules/ITKDistanceMap.cmake">
          <Option virtualFolder="CMake Files\..\..\..\..\..\..\..\usr\local\lib\cmake\ITK-4.6\Modules\" />
      </Unit>
      <Unit filename="/Users/HyoMinLee/Desktop/IndependentStudy/HW2/Code/iCell/../../../../../../../usr/local/lib/cmake/ITK-4.6/Modules/ITKQuadEdgeMesh.cmake">
          <Option virtualFolder="CMake Files\..\..\..\..\..\..\..\usr\local\lib\cmake\ITK-4.6\Modules\" />
      </Unit>
      <Unit filename="/Users/HyoMinLee/Desktop/IndependentStudy/HW2/Code/iCell/../../../../../../../usr/local/lib/cmake/ITK-4.6/Modules/ITKFastMarching.cmake">
          <Option virtualFolder="CMake Files\..\..\..\..\..\..\..\usr\local\lib\cmake\ITK-4.6\Modules\" />
      </Unit>
      <Unit filename="/Users/HyoMinLee/Desktop/IndependentStudy/HW2/Code/iCell/../../../../../../../usr/local/lib/cmake/ITK-4.6/Modules/ITKImageCompare.cmake">
          <Option virtualFolder="CMake Files\..\..\..\..\..\..\..\usr\local\lib\cmake\ITK-4.6\Modules\" />
      </Unit>
      <Unit filename="/Users/HyoMinLee/Desktop/IndependentStudy/HW2/Code/iCell/../../../../../../../usr/local/lib/cmake/ITK-4.6/Modules/ITKSmoothing.cmake">
          <Option virtualFolder="CMake Files\..\..\..\..\..\..\..\usr\local\lib\cmake\ITK-4.6\Modules\" />
      </Unit>
      <Unit filename="/Users/HyoMinLee/Desktop/IndependentStudy/HW2/Code/iCell/../../../../../../../usr/local/lib/cmake/ITK-4.6/Modules/ITKImageGradient.cmake">
          <Option virtualFolder="CMake Files\..\..\..\..\..\..\..\usr\local\lib\cmake\ITK-4.6\Modules\" />
      </Unit>
      <Unit filename="/Users/HyoMinLee/Desktop/IndependentStudy/HW2/Code/iCell/../../../../../../../usr/local/lib/cmake/ITK-4.6/Modules/ITKImageSources.cmake">
          <Option virtualFolder="CMake Files\..\..\..\..\..\..\..\usr\local\lib\cmake\ITK-4.6\Modules\" />
      </Unit>
      <Unit filename="/Users/HyoMinLee/Desktop/IndependentStudy/HW2/Code/iCell/../../../../../../../usr/local/lib/cmake/ITK-4.6/Modules/ITKImageFeature.cmake">
          <Option virtualFolder="CMake Files\..\..\..\..\..\..\..\usr\local\lib\cmake\ITK-4.6\Modules\" />
      </Unit>
      <Unit filename="/Users/HyoMinLee/Desktop/IndependentStudy/HW2/Code/iCell/../../../../../../../usr/local/lib/cmake/ITK-4.6/Modules/ITKOptimizers.cmake">
          <Option virtualFolder="CMake Files\..\..\..\..\..\..\..\usr\local\lib\cmake\ITK-4.6\Modules\" />
      </Unit>
      <Unit filename="/Users/HyoMinLee/Desktop/IndependentStudy/HW2/Code/iCell/../../../../../../../usr/local/lib/cmake/ITK-4.6/Modules/ITKSignedDistanceFunction.cmake">
          <Option virtualFolder="CMake Files\..\..\..\..\..\..\..\usr\local\lib\cmake\ITK-4.6\Modules\" />
      </Unit>
      <Unit filename="/Users/HyoMinLee/Desktop/IndependentStudy/HW2/Code/iCell/../../../../../../../usr/local/lib/cmake/ITK-4.6/Modules/ITKLevelSets.cmake">
          <Option virtualFolder="CMake Files\..\..\..\..\..\..\..\usr\local\lib\cmake\ITK-4.6\Modules\" />
      </Unit>
      <Unit filename="/Users/HyoMinLee/Desktop/IndependentStudy/HW2/Code/iCell/../../../../../../../usr/local/lib/cmake/ITK-4.6/Modules/ITKAntiAlias.cmake">
          <Option virtualFolder="CMake Files\..\..\..\..\..\..\..\usr\local\lib\cmake\ITK-4.6\Modules\" />
      </Unit>
      <Unit filename="/Users/HyoMinLee/Desktop/IndependentStudy/HW2/Code/iCell/../../../../../../../usr/local/lib/cmake/ITK-4.6/Modules/ITKPolynomials.cmake">
          <Option virtualFolder="CMake Files\..\..\..\..\..\..\..\usr\local\lib\cmake\ITK-4.6\Modules\" />
      </Unit>
      <Unit filename="/Users/HyoMinLee/Desktop/IndependentStudy/HW2/Code/iCell/../../../../../../../usr/local/lib/cmake/ITK-4.6/Modules/ITKBiasCorrection.cmake">
          <Option virtualFolder="CMake Files\..\..\..\..\..\..\..\usr\local\lib\cmake\ITK-4.6\Modules\" />
      </Unit>
      <Unit filename="/Users/HyoMinLee/Desktop/IndependentStudy/HW2/Code/iCell/../../../../../../../usr/local/lib/cmake/ITK-4.6/Modules/ITKBioCell.cmake">
          <Option virtualFolder="CMake Files\..\..\..\..\..\..\..\usr\local\lib\cmake\ITK-4.6\Modules\" />
      </Unit>
      <Unit filename="/Users/HyoMinLee/Desktop/IndependentStudy/HW2/Code/iCell/../../../../../../../usr/local/lib/cmake/ITK-4.6/Modules/ITKClassifiers.cmake">
          <Option virtualFolder="CMake Files\..\..\..\..\..\..\..\usr\local\lib\cmake\ITK-4.6\Modules\" />
      </Unit>
      <Unit filename="/Users/HyoMinLee/Desktop/IndependentStudy/HW2/Code/iCell/../../../../../../../usr/local/lib/cmake/ITK-4.6/Modules/ITKColormap.cmake">
          <Option virtualFolder="CMake Files\..\..\..\..\..\..\..\usr\local\lib\cmake\ITK-4.6\Modules\" />
      </Unit>
      <Unit filename="/Users/HyoMinLee/Desktop/IndependentStudy/HW2/Code/iCell/../../../../../../../usr/local/lib/cmake/ITK-4.6/Modules/ITKFFT.cmake">
          <Option virtualFolder="CMake Files\..\..\..\..\..\..\..\usr\local\lib\cmake\ITK-4.6\Modules\" />
      </Unit>
      <Unit filename="/Users/HyoMinLee/Desktop/IndependentStudy/HW2/Code/iCell/../../../../../../../usr/local/lib/cmake/ITK-4.6/Modules/ITKConvolution.cmake">
          <Option virtualFolder="CMake Files\..\..\..\..\..\..\..\usr\local\lib\cmake\ITK-4.6\Modules\" />
      </Unit>
      <Unit filename="/Users/HyoMinLee/Desktop/IndependentStudy/HW2/Code/iCell/../../../../../../../usr/local/lib/cmake/ITK-4.6/Modules/ITKDICOMParser.cmake">
          <Option virtualFolder="CMake Files\..\..\..\..\..\..\..\usr\local\lib\cmake\ITK-4.6\Modules\" />
      </Unit>
      <Unit filename="/Users/HyoMinLee/Desktop/IndependentStudy/HW2/Code/iCell/../../../../../../../usr/local/lib/cmake/ITK-4.6/Modules/ITKDeconvolution.cmake">
          <Option virtualFolder="CMake Files\..\..\..\..\..\..\..\usr\local\lib\cmake\ITK-4.6\Modules\" />
      </Unit>
      <Unit filename="/Users/HyoMinLee/Desktop/IndependentStudy/HW2/Code/iCell/../../../../../../../usr/local/lib/cmake/ITK-4.6/Modules/ITKDeformableMesh.cmake">
          <Option virtualFolder="CMake Files\..\..\..\..\..\..\..\usr\local\lib\cmake\ITK-4.6\Modules\" />
      </Unit>
      <Unit filename="/Users/HyoMinLee/Desktop/IndependentStudy/HW2/Code/iCell/../../../../../../../usr/local/lib/cmake/ITK-4.6/Modules/ITKDenoising.cmake">
          <Option virtualFolder="CMake Files\..\..\..\..\..\..\..\usr\local\lib\cmake\ITK-4.6\Modules\" />
      </Unit>
      <Unit filename="/Users/HyoMinLee/Desktop/IndependentStudy/HW2/Code/iCell/../../../../../../../usr/local/lib/cmake/ITK-4.6/Modules/ITKDiffusionTensorImage.cmake">
          <Option virtualFolder="CMake Files\..\..\..\..\..\..\..\usr\local\lib\cmake\ITK-4.6\Modules\" />
      </Unit>
      <Unit filename="/Users/HyoMinLee/Desktop/IndependentStudy/HW2/Code/iCell/../../../../../../../usr/local/lib/cmake/ITK-4.6/Modules/ITKDisplacementField.cmake">
          <Option virtualFolder="CMake Files\..\..\..\..\..\..\..\usr\local\lib\cmake\ITK-4.6\Modules\" />
      </Unit>
      <Unit filename="/Users/HyoMinLee/Desktop/IndependentStudy/HW2/Code/iCell/../../../../../../../usr/local/lib/cmake/ITK-4.6/Modules/ITKEigen.cmake">
          <Option virtualFolder="CMake Files\..\..\..\..\..\..\..\usr\local\lib\cmake\ITK-4.6\Modules\" />
      </Unit>
      <Unit filename="/Users/HyoMinLee/Desktop/IndependentStudy/HW2/Code/iCell/../../../../../../../usr/local/lib/cmake/ITK-4.6/Modules/ITKIOXML.cmake">
          <Option virtualFolder="CMake Files\..\..\..\..\..\..\..\usr\local\lib\cmake\ITK-4.6\Modules\" />
      </Unit>
      <Unit filename="/Users/HyoMinLee/Desktop/IndependentStudy/HW2/Code/iCell/../../../../../../../usr/local/lib/cmake/ITK-4.6/Modules/ITKIOSpatialObjects.cmake">
          <Option virtualFolder="CMake Files\..\..\..\..\..\..\..\usr\local\lib\cmake\ITK-4.6\Modules\" />
      </Unit>
      <Unit filename="/Users/HyoMinLee/Desktop/IndependentStudy/HW2/Code/iCell/../../../../../../../usr/local/lib/cmake/ITK-4.6/Modules/ITKRegistrationCommon.cmake">
          <Option virtualFolder="CMake Files\..\..\..\..\..\..\..\usr\local\lib\cmake\ITK-4.6\Modules\" />
      </Unit>
      <Unit filename="/Users/HyoMinLee/Desktop/IndependentStudy/HW2/Code/iCell/../../../../../../../usr/local/lib/cmake/ITK-4.6/Modules/ITKFEM.cmake">
          <Option virtualFolder="CMake Files\..\..\..\..\..\..\..\usr\local\lib\cmake\ITK-4.6\Modules\" />
      </Unit>
      <Unit filename="/Users/HyoMinLee/Desktop/IndependentStudy/HW2/Code/iCell/../../../../../../../usr/local/lib/cmake/ITK-4.6/Modules/ITKPDEDeformableRegistration.cmake">
          <Option virtualFolder="CMake Files\..\..\..\..\..\..\..\usr\local\lib\cmake\ITK-4.6\Modules\" />
      </Unit>
      <Unit filename="/Users/HyoMinLee/Desktop/IndependentStudy/HW2/Code/iCell/../../../../../../../usr/local/lib/cmake/ITK-4.6/Modules/ITKFEMRegistration.cmake">
          <Option virtualFolder="CMake Files\..\..\..\..\..\..\..\usr\local\lib\cmake\ITK-4.6\Modules\" />
      </Unit>
      <Unit filename="/Users/HyoMinLee/Desktop/IndependentStudy/HW2/Code/iCell/../../../../../../../usr/local/lib/cmake/ITK-4.6/Modules/ITKGIFTI.cmake">
          <Option virtualFolder="CMake Files\..\..\..\..\..\..\..\usr\local\lib\cmake\ITK-4.6\Modules\" />
      </Unit>
      <Unit filename="/Users/HyoMinLee/Desktop/IndependentStudy/HW2/Code/iCell/../../../../../../../usr/local/lib/cmake/ITK-4.6/Modules/ITKIOMesh.cmake">
          <Option virtualFolder="CMake Files\..\..\..\..\..\..\..\usr\local\lib\cmake\ITK-4.6\Modules\" />
      </Unit>
      <Unit filename="/Users/HyoMinLee/Desktop/IndependentStudy/HW2/Code/iCell/../../../../../../../usr/local/lib/cmake/ITK-4.6/Modules/ITKGPUCommon.cmake">
          <Option virtualFolder="CMake Files\..\..\..\..\..\..\..\usr\local\lib\cmake\ITK-4.6\Modules\" />
      </Unit>
      <Unit filename="/Users/HyoMinLee/Desktop/IndependentStudy/HW2/Code/iCell/../../../../../../../usr/local/lib/cmake/ITK-4.6/Modules/ITKGPUFiniteDifference.cmake">
          <Option virtualFolder="CMake Files\..\..\..\..\..\..\..\usr\local\lib\cmake\ITK-4.6\Modules\" />
      </Unit>
      <Unit filename="/Users/HyoMinLee/Desktop/IndependentStudy/HW2/Code/iCell/../../../../../../../usr/local/lib/cmake/ITK-4.6/Modules/ITKGPUAnisotropicSmoothing.cmake">
          <Option virtualFolder="CMake Files\..\..\..\..\..\..\..\usr\local\lib\cmake\ITK-4.6\Modules\" />
      </Unit>
      <Unit filename="/Users/HyoMinLee/Desktop/IndependentStudy/HW2/Code/iCell/../../../../../../../usr/local/lib/cmake/ITK-4.6/Modules/ITKGPUImageFilterBase.cmake">
          <Option virtualFolder="CMake Files\..\..\..\..\..\..\..\usr\local\lib\cmake\ITK-4.6\Modules\" />
      </Unit>
      <Unit filename="/Users/HyoMinLee/Desktop/IndependentStudy/HW2/Code/iCell/../../../../../../../usr/local/lib/cmake/ITK-4.6/Modules/ITKGPURegistrationCommon.cmake">
          <Option virtualFolder="CMake Files\..\..\..\..\..\..\..\usr\local\lib\cmake\ITK-4.6\Modules\" />
      </Unit>
      <Unit filename="/Users/HyoMinLee/Desktop/IndependentStudy/HW2/Code/iCell/../../../../../../../usr/local/lib/cmake/ITK-4.6/Modules/ITKGPUPDEDeformableRegistration.cmake">
          <Option virtualFolder="CMake Files\..\..\..\..\..\..\..\usr\local\lib\cmake\ITK-4.6\Modules\" />
      </Unit>
      <Unit filename="/Users/HyoMinLee/Desktop/IndependentStudy/HW2/Code/iCell/../../../../../../../usr/local/lib/cmake/ITK-4.6/Modules/ITKGPUSmoothing.cmake">
          <Option virtualFolder="CMake Files\..\..\..\..\..\..\..\usr\local\lib\cmake\ITK-4.6\Modules\" />
      </Unit>
      <Unit filename="/Users/HyoMinLee/Desktop/IndependentStudy/HW2/Code/iCell/../../../../../../../usr/local/lib/cmake/ITK-4.6/Modules/ITKGPUThresholding.cmake">
          <Option virtualFolder="CMake Files\..\..\..\..\..\..\..\usr\local\lib\cmake\ITK-4.6\Modules\" />
      </Unit>
      <Unit filename="/Users/HyoMinLee/Desktop/IndependentStudy/HW2/Code/iCell/../../../../../../../usr/local/lib/cmake/ITK-4.6/Modules/ITKHDF5.cmake">
          <Option virtualFolder="CMake Files\..\..\..\..\..\..\..\usr\local\lib\cmake\ITK-4.6\Modules\" />
      </Unit>
      <Unit filename="/Users/HyoMinLee/Desktop/IndependentStudy/HW2/Code/iCell/../../../../../../../usr/local/lib/cmake/ITK-4.6/Modules/ITKIOCSV.cmake">
          <Option virtualFolder="CMake Files\..\..\..\..\..\..\..\usr\local\lib\cmake\ITK-4.6\Modules\" />
      </Unit>
      <Unit filename="/Users/HyoMinLee/Desktop/IndependentStudy/HW2/Code/iCell/../../../../../../../usr/local/lib/cmake/ITK-4.6/Modules/ITKIOIPL.cmake">
          <Option virtualFolder="CMake Files\..\..\..\..\..\..\..\usr\local\lib\cmake\ITK-4.6\Modules\" />
      </Unit>
      <Unit filename="/Users/HyoMinLee/Desktop/IndependentStudy/HW2/Code/iCell/../../../../../../../usr/local/lib/cmake/ITK-4.6/Modules/ITKIOGE.cmake">
          <Option virtualFolder="CMake Files\..\..\..\..\..\..\..\usr\local\lib\cmake\ITK-4.6\Modules\" />
      </Unit>
      <Unit filename="/Users/HyoMinLee/Desktop/IndependentStudy/HW2/Code/iCell/../../../../../../../usr/local/lib/cmake/ITK-4.6/Modules/ITKIOSiemens.cmake">
          <Option virtualFolder="CMake Files\..\..\..\..\..\..\..\usr\local\lib\cmake\ITK-4.6\Modules\" />
      </Unit>
      <Unit filename="/Users/HyoMinLee/Desktop/IndependentStudy/HW2/Code/iCell/../../../../../../../usr/local/lib/cmake/ITK-4.6/Modules/ITKIOHDF5.cmake">
          <Option virtualFolder="CMake Files\..\..\..\..\..\..\..\usr\local\lib\cmake\ITK-4.6\Modules\" />
      </Unit>
      <Unit filename="/Users/HyoMinLee/Desktop/IndependentStudy/HW2/Code/iCell/../../../../../../../usr/local/lib/cmake/ITK-4.6/Modules/ITKIOMRC.cmake">
          <Option virtualFolder="CMake Files\..\..\..\..\..\..\..\usr\local\lib\cmake\ITK-4.6\Modules\" />
      </Unit>
      <Unit filename="/Users/HyoMinLee/Desktop/IndependentStudy/HW2/Code/iCell/../../../../../../../usr/local/lib/cmake/ITK-4.6/Modules/ITKIORAW.cmake">
          <Option virtualFolder="CMake Files\..\..\..\..\..\..\..\usr\local\lib\cmake\ITK-4.6\Modules\" />
      </Unit>
      <Unit filename="/Users/HyoMinLee/Desktop/IndependentStudy/HW2/Code/iCell/../../../../../../../usr/local/lib/cmake/ITK-4.6/Modules/ITKIOTransformBase.cmake">
          <Option virtualFolder="CMake Files\..\..\..\..\..\..\..\usr\local\lib\cmake\ITK-4.6\Modules\" />
      </Unit>
      <Unit filename="/Users/HyoMinLee/Desktop/IndependentStudy/HW2/Code/iCell/../../../../../../../usr/local/lib/cmake/ITK-4.6/Modules/ITKIOTransformHDF5.cmake">
          <Option virtualFolder="CMake Files\..\..\..\..\..\..\..\usr\local\lib\cmake\ITK-4.6\Modules\" />
      </Unit>
      <Unit filename="/Users/HyoMinLee/Desktop/IndependentStudy/HW2/Code/iCell/../../../../../../../usr/local/lib/cmake/ITK-4.6/Modules/ITKIOTransformInsightLegacy.cmake">
          <Option virtualFolder="CMake Files\..\..\..\..\..\..\..\usr\local\lib\cmake\ITK-4.6\Modules\" />
      </Unit>
      <Unit filename="/Users/HyoMinLee/Desktop/IndependentStudy/HW2/Code/iCell/../../../../../../../usr/local/lib/cmake/ITK-4.6/Modules/ITKIOTransformMatlab.cmake">
          <Option virtualFolder="CMake Files\..\..\..\..\..\..\..\usr\local\lib\cmake\ITK-4.6\Modules\" />
      </Unit>
      <Unit filename="/Users/HyoMinLee/Desktop/IndependentStudy/HW2/Code/iCell/../../../../../../../usr/local/lib/cmake/ITK-4.6/Modules/ITKImageFusion.cmake">
          <Option virtualFolder="CMake Files\..\..\..\..\..\..\..\usr\local\lib\cmake\ITK-4.6\Modules\" />
      </Unit>
      <Unit filename="/Users/HyoMinLee/Desktop/IndependentStudy/HW2/Code/iCell/../../../../../../../usr/local/lib/cmake/ITK-4.6/Modules/ITKImageNoise.cmake">
          <Option virtualFolder="CMake Files\..\..\..\..\..\..\..\usr\local\lib\cmake\ITK-4.6\Modules\" />
      </Unit>
      <Unit filename="/Users/HyoMinLee/Desktop/IndependentStudy/HW2/Code/iCell/../../../../../../../usr/local/lib/cmake/ITK-4.6/Modules/ITKIntegratedTest.cmake">
          <Option virtualFolder="CMake Files\..\..\..\..\..\..\..\usr\local\lib\cmake\ITK-4.6\Modules\" />
      </Unit>
      <Unit filename="/Users/HyoMinLee/Desktop/IndependentStudy/HW2/Code/iCell/../../../../../../../usr/local/lib/cmake/ITK-4.6/Modules/ITKKLMRegionGrowing.cmake">
          <Option virtualFolder="CMake Files\..\..\..\..\..\..\..\usr\local\lib\cmake\ITK-4.6\Modules\" />
      </Unit>
      <Unit filename="/Users/HyoMinLee/Desktop/IndependentStudy/HW2/Code/iCell/../../../../../../../usr/local/lib/cmake/ITK-4.6/Modules/ITKLabelVoting.cmake">
          <Option virtualFolder="CMake Files\..\..\..\..\..\..\..\usr\local\lib\cmake\ITK-4.6\Modules\" />
      </Unit>
      <Unit filename="/Users/HyoMinLee/Desktop/IndependentStudy/HW2/Code/iCell/../../../../../../../usr/local/lib/cmake/ITK-4.6/Modules/ITKMarkovRandomFieldsClassifiers.cmake">
          <Option virtualFolder="CMake Files\..\..\..\..\..\..\..\usr\local\lib\cmake\ITK-4.6\Modules\" />
      </Unit>
      <Unit filename="/Users/HyoMinLee/Desktop/IndependentStudy/HW2/Code/iCell/../../../../../../../usr/local/lib/cmake/ITK-4.6/Modules/ITKNeuralNetworks.cmake">
          <Option virtualFolder="CMake Files\..\..\..\..\..\..\..\usr\local\lib\cmake\ITK-4.6\Modules\" />
      </Unit>
      <Unit filename="/Users/HyoMinLee/Desktop/IndependentStudy/HW2/Code/iCell/../../../../../../../usr/local/lib/cmake/ITK-4.6/Modules/ITKQuadEdgeMeshFiltering.cmake">
          <Option virtualFolder="CMake Files\..\..\..\..\..\..\..\usr\local\lib\cmake\ITK-4.6\Modules\" />
      </Unit>
      <Unit filename="/Users/HyoMinLee/Desktop/IndependentStudy/HW2/Code/iCell/../../../../../../../usr/local/lib/cmake/ITK-4.6/Modules/ITKRegionGrowing.cmake">
          <Option virtualFolder="CMake Files\..\..\..\..\..\..\..\usr\local\lib\cmake\ITK-4.6\Modules\" />
      </Unit>
      <Unit filename="/Users/HyoMinLee/Desktop/IndependentStudy/HW2/Code/iCell/../../../../../../../usr/local/lib/cmake/ITK-4.6/Modules/ITKSpatialFunction.cmake">
          <Option virtualFolder="CMake Files\..\..\..\..\..\..\..\usr\local\lib\cmake\ITK-4.6\Modules\" />
      </Unit>
      <Unit filename="/Users/HyoMinLee/Desktop/IndependentStudy/HW2/Code/iCell/../../../../../../../usr/local/lib/cmake/ITK-4.6/Modules/ITKVTK.cmake">
          <Option virtualFolder="CMake Files\..\..\..\..\..\..\..\usr\local\lib\cmake\ITK-4.6\Modules\" />
      </Unit>
      <Unit filename="/Users/HyoMinLee/Desktop/IndependentStudy/HW2/Code/iCell/../../../../../../../usr/local/lib/cmake/ITK-4.6/Modules/ITKVoronoi.cmake">
          <Option virtualFolder="CMake Files\..\..\..\..\..\..\..\usr\local\lib\cmake\ITK-4.6\Modules\" />
      </Unit>
      <Unit filename="/Users/HyoMinLee/Desktop/IndependentStudy/HW2/Code/iCell/../../../../../../../usr/local/lib/cmake/ITK-4.6/Modules/ITKWatersheds.cmake">
          <Option virtualFolder="CMake Files\..\..\..\..\..\..\..\usr\local\lib\cmake\ITK-4.6\Modules\" />
      </Unit>
      <Unit filename="/Users/HyoMinLee/Desktop/IndependentStudy/HW2/Code/iCell/../../../../../../../usr/local/lib/cmake/ITK-4.6/Modules/ITKLevelSetsv4.cmake">
          <Option virtualFolder="CMake Files\..\..\..\..\..\..\..\usr\local\lib\cmake\ITK-4.6\Modules\" />
      </Unit>
      <Unit filename="/Users/HyoMinLee/Desktop/IndependentStudy/HW2/Code/iCell/../../../../../../../usr/local/lib/cmake/ITK-4.6/Modules/ITKOptimizersv4.cmake">
          <Option virtualFolder="CMake Files\..\..\..\..\..\..\..\usr\local\lib\cmake\ITK-4.6\Modules\" />
      </Unit>
      <Unit filename="/Users/HyoMinLee/Desktop/IndependentStudy/HW2/Code/iCell/../../../../../../../usr/local/lib/cmake/ITK-4.6/Modules/ITKMetricsv4.cmake">
          <Option virtualFolder="CMake Files\..\..\..\..\..\..\..\usr\local\lib\cmake\ITK-4.6\Modules\" />
      </Unit>
      <Unit filename="/Users/HyoMinLee/Desktop/IndependentStudy/HW2/Code/iCell/../../../../../../../usr/local/lib/cmake/ITK-4.6/Modules/ITKRegistrationMethodsv4.cmake">
          <Option virtualFolder="CMake Files\..\..\..\..\..\..\..\usr\local\lib\cmake\ITK-4.6\Modules\" />
      </Unit>
      <Unit filename="/Users/HyoMinLee/Desktop/IndependentStudy/HW2/Code/iCell/../../../../../../../usr/local/lib/cmake/ITK-4.6/Modules/ITKVideoCore.cmake">
          <Option virtualFolder="CMake Files\..\..\..\..\..\..\..\usr\local\lib\cmake\ITK-4.6\Modules\" />
      </Unit>
      <Unit filename="/Users/HyoMinLee/Desktop/IndependentStudy/HW2/Code/iCell/../../../../../../../usr/local/lib/cmake/ITK-4.6/Modules/ITKVideoIO.cmake">
          <Option virtualFolder="CMake Files\..\..\..\..\..\..\..\usr\local\lib\cmake\ITK-4.6\Modules\" />
      </Unit>
      <Unit filename="/Users/HyoMinLee/Desktop/IndependentStudy/HW2/Code/iCell/../../../../../../../usr/local/lib/cmake/ITK-4.6/Modules/ITKVideoFiltering.cmake">
          <Option virtualFolder="CMake Files\..\..\..\..\..\..\..\usr\local\lib\cmake\ITK-4.6\Modules\" />
      </Unit>
      <Unit filename="/Users/HyoMinLee/Desktop/IndependentStudy/HW2/Code/iCell/../../../../../../../usr/local/lib/cmake/ITK-4.6/Modules/ITKVtkGlue.cmake">
          <Option virtualFolder="CMake Files\..\..\..\..\..\..\..\usr\local\lib\cmake\ITK-4.6\Modules\" />
      </Unit>
      <Unit filename="/Users/HyoMinLee/Desktop/IndependentStudy/HW2/Code/iCell/../../../../../../../usr/local/lib/cmake/vtk-6.1/VTKConfigVersion.cmake">
          <Option virtualFolder="CMake Files\..\..\..\..\..\..\..\usr\local\lib\cmake\vtk-6.1\" />
      </Unit>
      <Unit filename="/Users/HyoMinLee/Desktop/IndependentStudy/HW2/Code/iCell/../../../../../../../usr/local/lib/cmake/vtk-6.1/VTKConfig.cmake">
          <Option virtualFolder="CMake Files\..\..\..\..\..\..\..\usr\local\lib\cmake\vtk-6.1\" />
      </Unit>
      <Unit filename="/Users/HyoMinLee/Desktop/IndependentStudy/HW2/Code/iCell/../../../../../../../usr/local/lib/cmake/vtk-6.1/VTKTargets.cmake">
          <Option virtualFolder="CMake Files\..\..\..\..\..\..\..\usr\local\lib\cmake\vtk-6.1\" />
      </Unit>
      <Unit filename="/Users/HyoMinLee/Desktop/IndependentStudy/HW2/Code/iCell/../../../../../../../usr/local/lib/cmake/vtk-6.1/VTKTargets-debug.cmake">
          <Option virtualFolder="CMake Files\..\..\..\..\..\..\..\usr\local\lib\cmake\vtk-6.1\" />
      </Unit>
      <Unit filename="/Users/HyoMinLee/Desktop/IndependentStudy/HW2/Code/iCell/../../../../../../../usr/local/lib/cmake/vtk-6.1/vtkModuleAPI.cmake">
          <Option virtualFolder="CMake Files\..\..\..\..\..\..\..\usr\local\lib\cmake\vtk-6.1\" />
      </Unit>
      <Unit filename="/Users/HyoMinLee/Desktop/IndependentStudy/HW2/Code/iCell/../../../../../../../usr/local/lib/cmake/vtk-6.1/VTKConfigVersion.cmake">
          <Option virtualFolder="CMake Files\..\..\..\..\..\..\..\usr\local\lib\cmake\vtk-6.1\" />
      </Unit>
      <Unit filename="/Users/HyoMinLee/Desktop/IndependentStudy/HW2/Code/iCell/../../../../../../../usr/local/lib/cmake/vtk-6.1/VTKConfig.cmake">
          <Option virtualFolder="CMake Files\..\..\..\..\..\..\..\usr\local\lib\cmake\vtk-6.1\" />
      </Unit>
      <Unit filename="/Users/HyoMinLee/Desktop/IndependentStudy/HW2/Code/iCell/../../../../../../../usr/local/lib/cmake/vtk-6.1/vtkModuleAPI.cmake">
          <Option virtualFolder="CMake Files\..\..\..\..\..\..\..\usr\local\lib\cmake\vtk-6.1\" />
      </Unit>
      <Unit filename="/Users/HyoMinLee/Desktop/IndependentStudy/HW2/Code/iCell/../../../../../../../usr/local/lib/cmake/vtk-6.1/UseVTK.cmake">
          <Option virtualFolder="CMake Files\..\..\..\..\..\..\..\usr\local\lib\cmake\vtk-6.1\" />
      </Unit>
      <Unit filename="/Users/HyoMinLee/Desktop/IndependentStudy/HW2/Code/iCell/../../../../../../../usr/local/lib/cmake/vtk-6.1/Modules/vtkalglib.cmake">
          <Option virtualFolder="CMake Files\..\..\..\..\..\..\..\usr\local\lib\cmake\vtk-6.1\Modules\" />
      </Unit>
      <Unit filename="/Users/HyoMinLee/Desktop/IndependentStudy/HW2/Code/iCell/../../../../../../../usr/local/lib/cmake/vtk-6.1/Modules/vtkChartsCore.cmake">
          <Option virtualFolder="CMake Files\..\..\..\..\..\..\..\usr\local\lib\cmake\vtk-6.1\Modules\" />
      </Unit>
      <Unit filename="/Users/HyoMinLee/Desktop/IndependentStudy/HW2/Code/iCell/../../../../../../../usr/local/lib/cmake/vtk-6.1/Modules/vtkCommonColor.cmake">
          <Option virtualFolder="CMake Files\..\..\..\..\..\..\..\usr\local\lib\cmake\vtk-6.1\Modules\" />
      </Unit>
      <Unit filename="/Users/HyoMinLee/Desktop/IndependentStudy/HW2/Code/iCell/../../../../../../../usr/local/lib/cmake/vtk-6.1/Modules/vtkCommonDataModel.cmake">
          <Option virtualFolder="CMake Files\..\..\..\..\..\..\..\usr\local\lib\cmake\vtk-6.1\Modules\" />
      </Unit>
      <Unit filename="/Users/HyoMinLee/Desktop/IndependentStudy/HW2/Code/iCell/../../../../../../../usr/local/lib/cmake/vtk-6.1/Modules/vtkCommonMath.cmake">
          <Option virtualFolder="CMake Files\..\..\..\..\..\..\..\usr\local\lib\cmake\vtk-6.1\Modules\" />
      </Unit>
      <Unit filename="/Users/HyoMinLee/Desktop/IndependentStudy/HW2/Code/iCell/../../../../../../../usr/local/lib/cmake/vtk-6.1/Modules/vtkCommonCore.cmake">
          <Option virtualFolder="CMake Files\..\..\..\..\..\..\..\usr\local\lib\cmake\vtk-6.1\Modules\" />
      </Unit>
      <Unit filename="/Users/HyoMinLee/Desktop/IndependentStudy/HW2/Code/iCell/../../../../../../../usr/local/lib/cmake/vtk-6.1/Modules/vtksys.cmake">
          <Option virtualFolder="CMake Files\..\..\..\..\..\..\..\usr\local\lib\cmake\vtk-6.1\Modules\" />
      </Unit>
      <Unit filename="/Users/HyoMinLee/Desktop/IndependentStudy/HW2/Code/iCell/../../../../../../../usr/local/lib/cmake/vtk-6.1/Modules/vtkCommonMisc.cmake">
          <Option virtualFolder="CMake Files\..\..\..\..\..\..\..\usr\local\lib\cmake\vtk-6.1\Modules\" />
      </Unit>
      <Unit filename="/Users/HyoMinLee/Desktop/IndependentStudy/HW2/Code/iCell/../../../../../../../usr/local/lib/cmake/vtk-6.1/Modules/vtkCommonSystem.cmake">
          <Option virtualFolder="CMake Files\..\..\..\..\..\..\..\usr\local\lib\cmake\vtk-6.1\Modules\" />
      </Unit>
      <Unit filename="/Users/HyoMinLee/Desktop/IndependentStudy/HW2/Code/iCell/../../../../../../../usr/local/lib/cmake/vtk-6.1/Modules/vtkCommonTransforms.cmake">
          <Option virtualFolder="CMake Files\..\..\..\..\..\..\..\usr\local\lib\cmake\vtk-6.1\Modules\" />
      </Unit>
      <Unit filename="/Users/HyoMinLee/Desktop/IndependentStudy/HW2/Code/iCell/../../../../../../../usr/local/lib/cmake/vtk-6.1/Modules/vtkInfovisCore.cmake">
          <Option virtualFolder="CMake Files\..\..\..\..\..\..\..\usr\local\lib\cmake\vtk-6.1\Modules\" />
      </Unit>
      <Unit filename="/Users/HyoMinLee/Desktop/IndependentStudy/HW2/Code/iCell/../../../../../../../usr/local/lib/cmake/vtk-6.1/Modules/vtkFiltersExtraction.cmake">
          <Option virtualFolder="CMake Files\..\..\..\..\..\..\..\usr\local\lib\cmake\vtk-6.1\Modules\" />
      </Unit>
      <Unit filename="/Users/HyoMinLee/Desktop/IndependentStudy/HW2/Code/iCell/../../../../../../../usr/local/lib/cmake/vtk-6.1/Modules/vtkCommonExecutionModel.cmake">
          <Option virtualFolder="CMake Files\..\..\..\..\..\..\..\usr\local\lib\cmake\vtk-6.1\Modules\" />
      </Unit>
      <Unit filename="/Users/HyoMinLee/Desktop/IndependentStudy/HW2/Code/iCell/../../../../../../../usr/local/lib/cmake/vtk-6.1/Modules/vtkFiltersCore.cmake">
          <Option virtualFolder="CMake Files\..\..\..\..\..\..\..\usr\local\lib\cmake\vtk-6.1\Modules\" />
      </Unit>
      <Unit filename="/Users/HyoMinLee/Desktop/IndependentStudy/HW2/Code/iCell/../../../../../../../usr/local/lib/cmake/vtk-6.1/Modules/vtkFiltersGeneral.cmake">
          <Option virtualFolder="CMake Files\..\..\..\..\..\..\..\usr\local\lib\cmake\vtk-6.1\Modules\" />
      </Unit>
      <Unit filename="/Users/HyoMinLee/Desktop/IndependentStudy/HW2/Code/iCell/../../../../../../../usr/local/lib/cmake/vtk-6.1/Modules/vtkCommonComputationalGeometry.cmake">
          <Option virtualFolder="CMake Files\..\..\..\..\..\..\..\usr\local\lib\cmake\vtk-6.1\Modules\" />
      </Unit>
      <Unit filename="/Users/HyoMinLee/Desktop/IndependentStudy/HW2/Code/iCell/../../../../../../../usr/local/lib/cmake/vtk-6.1/Modules/vtkFiltersStatistics.cmake">
          <Option virtualFolder="CMake Files\..\..\..\..\..\..\..\usr\local\lib\cmake\vtk-6.1\Modules\" />
      </Unit>
      <Unit filename="/Users/HyoMinLee/Desktop/IndependentStudy/HW2/Code/iCell/../../../../../../../usr/local/lib/cmake/vtk-6.1/Modules/vtkImagingFourier.cmake">
          <Option virtualFolder="CMake Files\..\..\..\..\..\..\..\usr\local\lib\cmake\vtk-6.1\Modules\" />
      </Unit>
      <Unit filename="/Users/HyoMinLee/Desktop/IndependentStudy/HW2/Code/iCell/../../../../../../../usr/local/lib/cmake/vtk-6.1/Modules/vtkImagingCore.cmake">
          <Option virtualFolder="CMake Files\..\..\..\..\..\..\..\usr\local\lib\cmake\vtk-6.1\Modules\" />
      </Unit>
      <Unit filename="/Users/HyoMinLee/Desktop/IndependentStudy/HW2/Code/iCell/../../../../../../../usr/local/lib/cmake/vtk-6.1/Modules/vtkRenderingContext2D.cmake">
          <Option virtualFolder="CMake Files\..\..\..\..\..\..\..\usr\local\lib\cmake\vtk-6.1\Modules\" />
      </Unit>
      <Unit filename="/Users/HyoMinLee/Desktop/IndependentStudy/HW2/Code/iCell/../../../../../../../usr/local/lib/cmake/vtk-6.1/Modules/vtkRenderingCore.cmake">
          <Option virtualFolder="CMake Files\..\..\..\..\..\..\..\usr\local\lib\cmake\vtk-6.1\Modules\" />
      </Unit>
      <Unit filename="/Users/HyoMinLee/Desktop/IndependentStudy/HW2/Code/iCell/../../../../../../../usr/local/lib/cmake/vtk-6.1/Modules/vtkFiltersGeometry.cmake">
          <Option virtualFolder="CMake Files\..\..\..\..\..\..\..\usr\local\lib\cmake\vtk-6.1\Modules\" />
      </Unit>
      <Unit filename="/Users/HyoMinLee/Desktop/IndependentStudy/HW2/Code/iCell/../../../../../../../usr/local/lib/cmake/vtk-6.1/Modules/vtkFiltersSources.cmake">
          <Option virtualFolder="CMake Files\..\..\..\..\..\..\..\usr\local\lib\cmake\vtk-6.1\Modules\" />
      </Unit>
      <Unit filename="/Users/HyoMinLee/Desktop/IndependentStudy/HW2/Code/iCell/../../../../../../../usr/local/lib/cmake/vtk-6.1/Modules/vtkRenderingFreeType.cmake">
          <Option virtualFolder="CMake Files\..\..\..\..\..\..\..\usr\local\lib\cmake\vtk-6.1\Modules\" />
      </Unit>
      <Unit filename="/Users/HyoMinLee/Desktop/IndependentStudy/HW2/Code/iCell/../../../../../../../usr/local/lib/cmake/vtk-6.1/Modules/vtkfreetype.cmake">
          <Option virtualFolder="CMake Files\..\..\..\..\..\..\..\usr\local\lib\cmake\vtk-6.1\Modules\" />
      </Unit>
      <Unit filename="/Users/HyoMinLee/Desktop/IndependentStudy/HW2/Code/iCell/../../../../../../../usr/local/lib/cmake/vtk-6.1/Modules/vtkzlib.cmake">
          <Option virtualFolder="CMake Files\..\..\..\..\..\..\..\usr\local\lib\cmake\vtk-6.1\Modules\" />
      </Unit>
      <Unit filename="/Users/HyoMinLee/Desktop/IndependentStudy/HW2/Code/iCell/../../../../../../../usr/local/lib/cmake/vtk-6.1/Modules/vtkftgl.cmake">
          <Option virtualFolder="CMake Files\..\..\..\..\..\..\..\usr\local\lib\cmake\vtk-6.1\Modules\" />
      </Unit>
      <Unit filename="/Users/HyoMinLee/Desktop/IndependentStudy/HW2/Code/iCell/../../../../../../../usr/local/lib/cmake/vtk-6.1/Modules/vtkRenderingOpenGL.cmake">
          <Option virtualFolder="CMake Files\..\..\..\..\..\..\..\usr\local\lib\cmake\vtk-6.1\Modules\" />
      </Unit>
      <Unit filename="/Users/HyoMinLee/Desktop/IndependentStudy/HW2/Code/iCell/../../../../../../../usr/local/lib/cmake/vtk-6.1/Modules/vtkImagingHybrid.cmake">
          <Option virtualFolder="CMake Files\..\..\..\..\..\..\..\usr\local\lib\cmake\vtk-6.1\Modules\" />
      </Unit>
      <Unit filename="/Users/HyoMinLee/Desktop/IndependentStudy/HW2/Code/iCell/../../../../../../../usr/local/lib/cmake/vtk-6.1/Modules/vtkIOImage.cmake">
          <Option virtualFolder="CMake Files\..\..\..\..\..\..\..\usr\local\lib\cmake\vtk-6.1\Modules\" />
      </Unit>
      <Unit filename="/Users/HyoMinLee/Desktop/IndependentStudy/HW2/Code/iCell/../../../../../../../usr/local/lib/cmake/vtk-6.1/Modules/vtkDICOMParser.cmake">
          <Option virtualFolder="CMake Files\..\..\..\..\..\..\..\usr\local\lib\cmake\vtk-6.1\Modules\" />
      </Unit>
      <Unit filename="/Users/HyoMinLee/Desktop/IndependentStudy/HW2/Code/iCell/../../../../../../../usr/local/lib/cmake/vtk-6.1/Modules/vtkIOCore.cmake">
          <Option virtualFolder="CMake Files\..\..\..\..\..\..\..\usr\local\lib\cmake\vtk-6.1\Modules\" />
      </Unit>
      <Unit filename="/Users/HyoMinLee/Desktop/IndependentStudy/HW2/Code/iCell/../../../../../../../usr/local/lib/cmake/vtk-6.1/Modules/vtkMetaIO.cmake">
          <Option virtualFolder="CMake Files\..\..\..\..\..\..\..\usr\local\lib\cmake\vtk-6.1\Modules\" />
      </Unit>
      <Unit filename="/Users/HyoMinLee/Desktop/IndependentStudy/HW2/Code/iCell/../../../../../../../usr/local/lib/cmake/vtk-6.1/Modules/vtkjpeg.cmake">
          <Option virtualFolder="CMake Files\..\..\..\..\..\..\..\usr\local\lib\cmake\vtk-6.1\Modules\" />
      </Unit>
      <Unit filename="/Users/HyoMinLee/Desktop/IndependentStudy/HW2/Code/iCell/../../../../../../../usr/local/lib/cmake/vtk-6.1/Modules/vtkpng.cmake">
          <Option virtualFolder="CMake Files\..\..\..\..\..\..\..\usr\local\lib\cmake\vtk-6.1\Modules\" />
      </Unit>
      <Unit filename="/Users/HyoMinLee/Desktop/IndependentStudy/HW2/Code/iCell/../../../../../../../usr/local/lib/cmake/vtk-6.1/Modules/vtktiff.cmake">
          <Option virtualFolder="CMake Files\..\..\..\..\..\..\..\usr\local\lib\cmake\vtk-6.1\Modules\" />
      </Unit>
      <Unit filename="/Users/HyoMinLee/Desktop/IndependentStudy/HW2/Code/iCell/../../../../../../../usr/local/lib/cmake/vtk-6.1/Modules/vtkParseOGLExt.cmake">
          <Option virtualFolder="CMake Files\..\..\..\..\..\..\..\usr\local\lib\cmake\vtk-6.1\Modules\" />
      </Unit>
      <Unit filename="/Users/HyoMinLee/Desktop/IndependentStudy/HW2/Code/iCell/../../../../../../../usr/local/lib/cmake/vtk-6.1/Modules/vtkUtilitiesEncodeString.cmake">
          <Option virtualFolder="CMake Files\..\..\..\..\..\..\..\usr\local\lib\cmake\vtk-6.1\Modules\" />
      </Unit>
      <Unit filename="/Users/HyoMinLee/Desktop/IndependentStudy/HW2/Code/iCell/../../../../../../../usr/local/lib/cmake/vtk-6.1/Modules/vtkDomainsChemistry.cmake">
          <Option virtualFolder="CMake Files\..\..\..\..\..\..\..\usr\local\lib\cmake\vtk-6.1\Modules\" />
      </Unit>
      <Unit filename="/Users/HyoMinLee/Desktop/IndependentStudy/HW2/Code/iCell/../../../../../../../usr/local/lib/cmake/vtk-6.1/Modules/vtkIOXML.cmake">
          <Option virtualFolder="CMake Files\..\..\..\..\..\..\..\usr\local\lib\cmake\vtk-6.1\Modules\" />
      </Unit>
      <Unit filename="/Users/HyoMinLee/Desktop/IndependentStudy/HW2/Code/iCell/../../../../../../../usr/local/lib/cmake/vtk-6.1/Modules/vtkIOGeometry.cmake">
          <Option virtualFolder="CMake Files\..\..\..\..\..\..\..\usr\local\lib\cmake\vtk-6.1\Modules\" />
      </Unit>
      <Unit filename="/Users/HyoMinLee/Desktop/IndependentStudy/HW2/Code/iCell/../../../../../../../usr/local/lib/cmake/vtk-6.1/Modules/vtkjsoncpp.cmake">
          <Option virtualFolder="CMake Files\..\..\..\..\..\..\..\usr\local\lib\cmake\vtk-6.1\Modules\" />
      </Unit>
      <Unit filename="/Users/HyoMinLee/Desktop/IndependentStudy/HW2/Code/iCell/../../../../../../../usr/local/lib/cmake/vtk-6.1/Modules/vtkIOXMLParser.cmake">
          <Option virtualFolder="CMake Files\..\..\..\..\..\..\..\usr\local\lib\cmake\vtk-6.1\Modules\" />
      </Unit>
      <Unit filename="/Users/HyoMinLee/Desktop/IndependentStudy/HW2/Code/iCell/../../../../../../../usr/local/lib/cmake/vtk-6.1/Modules/vtkexpat.cmake">
          <Option virtualFolder="CMake Files\..\..\..\..\..\..\..\usr\local\lib\cmake\vtk-6.1\Modules\" />
      </Unit>
      <Unit filename="/Users/HyoMinLee/Desktop/IndependentStudy/HW2/Code/iCell/../../../../../../../usr/local/lib/cmake/vtk-6.1/Modules/vtkexodusII.cmake">
          <Option virtualFolder="CMake Files\..\..\..\..\..\..\..\usr\local\lib\cmake\vtk-6.1\Modules\" />
      </Unit>
      <Unit filename="/Users/HyoMinLee/Desktop/IndependentStudy/HW2/Code/iCell/../../../../../../../usr/local/lib/cmake/vtk-6.1/Modules/vtknetcdf.cmake">
          <Option virtualFolder="CMake Files\..\..\..\..\..\..\..\usr\local\lib\cmake\vtk-6.1\Modules\" />
      </Unit>
      <Unit filename="/Users/HyoMinLee/Desktop/IndependentStudy/HW2/Code/iCell/../../../../../../../usr/local/lib/cmake/vtk-6.1/Modules/vtkhdf5.cmake">
          <Option virtualFolder="CMake Files\..\..\..\..\..\..\..\usr\local\lib\cmake\vtk-6.1\Modules\" />
      </Unit>
      <Unit filename="/Users/HyoMinLee/Desktop/IndependentStudy/HW2/Code/iCell/../../../../../../../usr/local/lib/cmake/vtk-6.1/Modules/vtkFiltersAMR.cmake">
          <Option virtualFolder="CMake Files\..\..\..\..\..\..\..\usr\local\lib\cmake\vtk-6.1\Modules\" />
      </Unit>
      <Unit filename="/Users/HyoMinLee/Desktop/IndependentStudy/HW2/Code/iCell/../../../../../../../usr/local/lib/cmake/vtk-6.1/Modules/vtkParallelCore.cmake">
          <Option virtualFolder="CMake Files\..\..\..\..\..\..\..\usr\local\lib\cmake\vtk-6.1\Modules\" />
      </Unit>
      <Unit filename="/Users/HyoMinLee/Desktop/IndependentStudy/HW2/Code/iCell/../../../../../../../usr/local/lib/cmake/vtk-6.1/Modules/vtkIOLegacy.cmake">
          <Option virtualFolder="CMake Files\..\..\..\..\..\..\..\usr\local\lib\cmake\vtk-6.1\Modules\" />
      </Unit>
      <Unit filename="/Users/HyoMinLee/Desktop/IndependentStudy/HW2/Code/iCell/../../../../../../../usr/local/lib/cmake/vtk-6.1/Modules/vtkUtilitiesHashSource.cmake">
          <Option virtualFolder="CMake Files\..\..\..\..\..\..\..\usr\local\lib\cmake\vtk-6.1\Modules\" />
      </Unit>
      <Unit filename="/Users/HyoMinLee/Desktop/IndependentStudy/HW2/Code/iCell/../../../../../../../usr/local/lib/cmake/vtk-6.1/Modules/vtkFiltersFlowPaths.cmake">
          <Option virtualFolder="CMake Files\..\..\..\..\..\..\..\usr\local\lib\cmake\vtk-6.1\Modules\" />
      </Unit>
      <Unit filename="/Users/HyoMinLee/Desktop/IndependentStudy/HW2/Code/iCell/../../../../../../../usr/local/lib/cmake/vtk-6.1/Modules/vtkFiltersGeneric.cmake">
          <Option virtualFolder="CMake Files\..\..\..\..\..\..\..\usr\local\lib\cmake\vtk-6.1\Modules\" />
      </Unit>
      <Unit filename="/Users/HyoMinLee/Desktop/IndependentStudy/HW2/Code/iCell/../../../../../../../usr/local/lib/cmake/vtk-6.1/Modules/vtkFiltersHybrid.cmake">
          <Option virtualFolder="CMake Files\..\..\..\..\..\..\..\usr\local\lib\cmake\vtk-6.1\Modules\" />
      </Unit>
      <Unit filename="/Users/HyoMinLee/Desktop/IndependentStudy/HW2/Code/iCell/../../../../../../../usr/local/lib/cmake/vtk-6.1/Modules/vtkImagingSources.cmake">
          <Option virtualFolder="CMake Files\..\..\..\..\..\..\..\usr\local\lib\cmake\vtk-6.1\Modules\" />
      </Unit>
      <Unit filename="/Users/HyoMinLee/Desktop/IndependentStudy/HW2/Code/iCell/../../../../../../../usr/local/lib/cmake/vtk-6.1/Modules/vtkFiltersHyperTree.cmake">
          <Option virtualFolder="CMake Files\..\..\..\..\..\..\..\usr\local\lib\cmake\vtk-6.1\Modules\" />
      </Unit>
      <Unit filename="/Users/HyoMinLee/Desktop/IndependentStudy/HW2/Code/iCell/../../../../../../../usr/local/lib/cmake/vtk-6.1/Modules/vtkFiltersImaging.cmake">
          <Option virtualFolder="CMake Files\..\..\..\..\..\..\..\usr\local\lib\cmake\vtk-6.1\Modules\" />
      </Unit>
      <Unit filename="/Users/HyoMinLee/Desktop/IndependentStudy/HW2/Code/iCell/../../../../../../../usr/local/lib/cmake/vtk-6.1/Modules/vtkImagingGeneral.cmake">
          <Option virtualFolder="CMake Files\..\..\..\..\..\..\..\usr\local\lib\cmake\vtk-6.1\Modules\" />
      </Unit>
      <Unit filename="/Users/HyoMinLee/Desktop/IndependentStudy/HW2/Code/iCell/../../../../../../../usr/local/lib/cmake/vtk-6.1/Modules/vtkFiltersModeling.cmake">
          <Option virtualFolder="CMake Files\..\..\..\..\..\..\..\usr\local\lib\cmake\vtk-6.1\Modules\" />
      </Unit>
      <Unit filename="/Users/HyoMinLee/Desktop/IndependentStudy/HW2/Code/iCell/../../../../../../../usr/local/lib/cmake/vtk-6.1/Modules/vtkFiltersParallel.cmake">
          <Option virtualFolder="CMake Files\..\..\..\..\..\..\..\usr\local\lib\cmake\vtk-6.1\Modules\" />
      </Unit>
      <Unit filename="/Users/HyoMinLee/Desktop/IndependentStudy/HW2/Code/iCell/../../../../../../../usr/local/lib/cmake/vtk-6.1/Modules/vtkFiltersParallelImaging.cmake">
          <Option virtualFolder="CMake Files\..\..\..\..\..\..\..\usr\local\lib\cmake\vtk-6.1\Modules\" />
      </Unit>
      <Unit filename="/Users/HyoMinLee/Desktop/IndependentStudy/HW2/Code/iCell/../../../../../../../usr/local/lib/cmake/vtk-6.1/Modules/vtkFiltersProgrammable.cmake">
          <Option virtualFolder="CMake Files\..\..\..\..\..\..\..\usr\local\lib\cmake\vtk-6.1\Modules\" />
      </Unit>
      <Unit filename="/Users/HyoMinLee/Desktop/IndependentStudy/HW2/Code/iCell/../../../../../../../usr/local/lib/cmake/vtk-6.1/Modules/vtkFiltersSelection.cmake">
          <Option virtualFolder="CMake Files\..\..\..\..\..\..\..\usr\local\lib\cmake\vtk-6.1\Modules\" />
      </Unit>
      <Unit filename="/Users/HyoMinLee/Desktop/IndependentStudy/HW2/Code/iCell/../../../../../../../usr/local/lib/cmake/vtk-6.1/Modules/vtkFiltersSMP.cmake">
          <Option virtualFolder="CMake Files\..\..\..\..\..\..\..\usr\local\lib\cmake\vtk-6.1\Modules\" />
      </Unit>
      <Unit filename="/Users/HyoMinLee/Desktop/IndependentStudy/HW2/Code/iCell/../../../../../../../usr/local/lib/cmake/vtk-6.1/Modules/vtkFiltersTexture.cmake">
          <Option virtualFolder="CMake Files\..\..\..\..\..\..\..\usr\local\lib\cmake\vtk-6.1\Modules\" />
      </Unit>
      <Unit filename="/Users/HyoMinLee/Desktop/IndependentStudy/HW2/Code/iCell/../../../../../../../usr/local/lib/cmake/vtk-6.1/Modules/vtkFiltersVerdict.cmake">
          <Option virtualFolder="CMake Files\..\..\..\..\..\..\..\usr\local\lib\cmake\vtk-6.1\Modules\" />
      </Unit>
      <Unit filename="/Users/HyoMinLee/Desktop/IndependentStudy/HW2/Code/iCell/../../../../../../../usr/local/lib/cmake/vtk-6.1/Modules/vtkverdict.cmake">
          <Option virtualFolder="CMake Files\..\..\..\..\..\..\..\usr\local\lib\cmake\vtk-6.1\Modules\" />
      </Unit>
      <Unit filename="/Users/HyoMinLee/Desktop/IndependentStudy/HW2/Code/iCell/../../../../../../../usr/local/lib/cmake/vtk-6.1/Modules/vtkGeovisCore.cmake">
          <Option virtualFolder="CMake Files\..\..\..\..\..\..\..\usr\local\lib\cmake\vtk-6.1\Modules\" />
      </Unit>
      <Unit filename="/Users/HyoMinLee/Desktop/IndependentStudy/HW2/Code/iCell/../../../../../../../usr/local/lib/cmake/vtk-6.1/Modules/vtkInfovisLayout.cmake">
          <Option virtualFolder="CMake Files\..\..\..\..\..\..\..\usr\local\lib\cmake\vtk-6.1\Modules\" />
      </Unit>
      <Unit filename="/Users/HyoMinLee/Desktop/IndependentStudy/HW2/Code/iCell/../../../../../../../usr/local/lib/cmake/vtk-6.1/Modules/vtkInteractionStyle.cmake">
          <Option virtualFolder="CMake Files\..\..\..\..\..\..\..\usr\local\lib\cmake\vtk-6.1\Modules\" />
      </Unit>
      <Unit filename="/Users/HyoMinLee/Desktop/IndependentStudy/HW2/Code/iCell/../../../../../../../usr/local/lib/cmake/vtk-6.1/Modules/vtkInteractionWidgets.cmake">
          <Option virtualFolder="CMake Files\..\..\..\..\..\..\..\usr\local\lib\cmake\vtk-6.1\Modules\" />
      </Unit>
      <Unit filename="/Users/HyoMinLee/Desktop/IndependentStudy/HW2/Code/iCell/../../../../../../../usr/local/lib/cmake/vtk-6.1/Modules/vtkRenderingAnnotation.cmake">
          <Option virtualFolder="CMake Files\..\..\..\..\..\..\..\usr\local\lib\cmake\vtk-6.1\Modules\" />
      </Unit>
      <Unit filename="/Users/HyoMinLee/Desktop/IndependentStudy/HW2/Code/iCell/../../../../../../../usr/local/lib/cmake/vtk-6.1/Modules/vtkImagingColor.cmake">
          <Option virtualFolder="CMake Files\..\..\..\..\..\..\..\usr\local\lib\cmake\vtk-6.1\Modules\" />
      </Unit>
      <Unit filename="/Users/HyoMinLee/Desktop/IndependentStudy/HW2/Code/iCell/../../../../../../../usr/local/lib/cmake/vtk-6.1/Modules/vtkRenderingVolume.cmake">
          <Option virtualFolder="CMake Files\..\..\..\..\..\..\..\usr\local\lib\cmake\vtk-6.1\Modules\" />
      </Unit>
      <Unit filename="/Users/HyoMinLee/Desktop/IndependentStudy/HW2/Code/iCell/../../../../../../../usr/local/lib/cmake/vtk-6.1/Modules/vtkViewsCore.cmake">
          <Option virtualFolder="CMake Files\..\..\..\..\..\..\..\usr\local\lib\cmake\vtk-6.1\Modules\" />
      </Unit>
      <Unit filename="/Users/HyoMinLee/Desktop/IndependentStudy/HW2/Code/iCell/../../../../../../../usr/local/lib/cmake/vtk-6.1/Modules/vtklibproj4.cmake">
          <Option virtualFolder="CMake Files\..\..\..\..\..\..\..\usr\local\lib\cmake\vtk-6.1\Modules\" />
      </Unit>
      <Unit filename="/Users/HyoMinLee/Desktop/IndependentStudy/HW2/Code/iCell/../../../../../../../usr/local/lib/cmake/vtk-6.1/Modules/vtkgl2ps.cmake">
          <Option virtualFolder="CMake Files\..\..\..\..\..\..\..\usr\local\lib\cmake\vtk-6.1\Modules\" />
      </Unit>
      <Unit filename="/Users/HyoMinLee/Desktop/IndependentStudy/HW2/Code/iCell/../../../../../../../usr/local/lib/cmake/vtk-6.1/Modules/vtkImagingMath.cmake">
          <Option virtualFolder="CMake Files\..\..\..\..\..\..\..\usr\local\lib\cmake\vtk-6.1\Modules\" />
      </Unit>
      <Unit filename="/Users/HyoMinLee/Desktop/IndependentStudy/HW2/Code/iCell/../../../../../../../usr/local/lib/cmake/vtk-6.1/Modules/vtkImagingMorphological.cmake">
          <Option virtualFolder="CMake Files\..\..\..\..\..\..\..\usr\local\lib\cmake\vtk-6.1\Modules\" />
      </Unit>
      <Unit filename="/Users/HyoMinLee/Desktop/IndependentStudy/HW2/Code/iCell/../../../../../../../usr/local/lib/cmake/vtk-6.1/Modules/vtkImagingStatistics.cmake">
          <Option virtualFolder="CMake Files\..\..\..\..\..\..\..\usr\local\lib\cmake\vtk-6.1\Modules\" />
      </Unit>
      <Unit filename="/Users/HyoMinLee/Desktop/IndependentStudy/HW2/Code/iCell/../../../../../../../usr/local/lib/cmake/vtk-6.1/Modules/vtkImagingStencil.cmake">
          <Option virtualFolder="CMake Files\..\..\..\..\..\..\..\usr\local\lib\cmake\vtk-6.1\Modules\" />
      </Unit>
      <Unit filename="/Users/HyoMinLee/Desktop/IndependentStudy/HW2/Code/iCell/../../../../../../../usr/local/lib/cmake/vtk-6.1/Modules/vtkInteractionImage.cmake">
          <Option virtualFolder="CMake Files\..\..\..\..\..\..\..\usr\local\lib\cmake\vtk-6.1\Modules\" />
      </Unit>
      <Unit filename="/Users/HyoMinLee/Desktop/IndependentStudy/HW2/Code/iCell/../../../../../../../usr/local/lib/cmake/vtk-6.1/Modules/vtkIOAMR.cmake">
          <Option virtualFolder="CMake Files\..\..\..\..\..\..\..\usr\local\lib\cmake\vtk-6.1\Modules\" />
      </Unit>
      <Unit filename="/Users/HyoMinLee/Desktop/IndependentStudy/HW2/Code/iCell/../../../../../../../usr/local/lib/cmake/vtk-6.1/Modules/vtkIOEnSight.cmake">
          <Option virtualFolder="CMake Files\..\..\..\..\..\..\..\usr\local\lib\cmake\vtk-6.1\Modules\" />
      </Unit>
      <Unit filename="/Users/HyoMinLee/Desktop/IndependentStudy/HW2/Code/iCell/../../../../../../../usr/local/lib/cmake/vtk-6.1/Modules/vtkIOExodus.cmake">
          <Option virtualFolder="CMake Files\..\..\..\..\..\..\..\usr\local\lib\cmake\vtk-6.1\Modules\" />
      </Unit>
      <Unit filename="/Users/HyoMinLee/Desktop/IndependentStudy/HW2/Code/iCell/../../../../../../../usr/local/lib/cmake/vtk-6.1/Modules/vtkIOExport.cmake">
          <Option virtualFolder="CMake Files\..\..\..\..\..\..\..\usr\local\lib\cmake\vtk-6.1\Modules\" />
      </Unit>
      <Unit filename="/Users/HyoMinLee/Desktop/IndependentStudy/HW2/Code/iCell/../../../../../../../usr/local/lib/cmake/vtk-6.1/Modules/vtkRenderingGL2PS.cmake">
          <Option virtualFolder="CMake Files\..\..\..\..\..\..\..\usr\local\lib\cmake\vtk-6.1\Modules\" />
      </Unit>
      <Unit filename="/Users/HyoMinLee/Desktop/IndependentStudy/HW2/Code/iCell/../../../../../../../usr/local/lib/cmake/vtk-6.1/Modules/vtkRenderingLabel.cmake">
          <Option virtualFolder="CMake Files\..\..\..\..\..\..\..\usr\local\lib\cmake\vtk-6.1\Modules\" />
      </Unit>
      <Unit filename="/Users/HyoMinLee/Desktop/IndependentStudy/HW2/Code/iCell/../../../../../../../usr/local/lib/cmake/vtk-6.1/Modules/vtkIOImport.cmake">
          <Option virtualFolder="CMake Files\..\..\..\..\..\..\..\usr\local\lib\cmake\vtk-6.1\Modules\" />
      </Unit>
      <Unit filename="/Users/HyoMinLee/Desktop/IndependentStudy/HW2/Code/iCell/../../../../../../../usr/local/lib/cmake/vtk-6.1/Modules/vtkIOInfovis.cmake">
          <Option virtualFolder="CMake Files\..\..\..\..\..\..\..\usr\local\lib\cmake\vtk-6.1\Modules\" />
      </Unit>
      <Unit filename="/Users/HyoMinLee/Desktop/IndependentStudy/HW2/Code/iCell/../../../../../../../usr/local/lib/cmake/vtk-6.1/Modules/vtklibxml2.cmake">
          <Option virtualFolder="CMake Files\..\..\..\..\..\..\..\usr\local\lib\cmake\vtk-6.1\Modules\" />
      </Unit>
      <Unit filename="/Users/HyoMinLee/Desktop/IndependentStudy/HW2/Code/iCell/../../../../../../../usr/local/lib/cmake/vtk-6.1/Modules/vtkIOLSDyna.cmake">
          <Option virtualFolder="CMake Files\..\..\..\..\..\..\..\usr\local\lib\cmake\vtk-6.1\Modules\" />
      </Unit>
      <Unit filename="/Users/HyoMinLee/Desktop/IndependentStudy/HW2/Code/iCell/../../../../../../../usr/local/lib/cmake/vtk-6.1/Modules/vtkIOMINC.cmake">
          <Option virtualFolder="CMake Files\..\..\..\..\..\..\..\usr\local\lib\cmake\vtk-6.1\Modules\" />
      </Unit>
      <Unit filename="/Users/HyoMinLee/Desktop/IndependentStudy/HW2/Code/iCell/../../../../../../../usr/local/lib/cmake/vtk-6.1/Modules/vtkIOMovie.cmake">
          <Option virtualFolder="CMake Files\..\..\..\..\..\..\..\usr\local\lib\cmake\vtk-6.1\Modules\" />
      </Unit>
      <Unit filename="/Users/HyoMinLee/Desktop/IndependentStudy/HW2/Code/iCell/../../../../../../../usr/local/lib/cmake/vtk-6.1/Modules/vtkoggtheora.cmake">
          <Option virtualFolder="CMake Files\..\..\..\..\..\..\..\usr\local\lib\cmake\vtk-6.1\Modules\" />
      </Unit>
      <Unit filename="/Users/HyoMinLee/Desktop/IndependentStudy/HW2/Code/iCell/../../../../../../../usr/local/lib/cmake/vtk-6.1/Modules/vtkIONetCDF.cmake">
          <Option virtualFolder="CMake Files\..\..\..\..\..\..\..\usr\local\lib\cmake\vtk-6.1\Modules\" />
      </Unit>
      <Unit filename="/Users/HyoMinLee/Desktop/IndependentStudy/HW2/Code/iCell/../../../../../../../usr/local/lib/cmake/vtk-6.1/Modules/vtkIOParallel.cmake">
          <Option virtualFolder="CMake Files\..\..\..\..\..\..\..\usr\local\lib\cmake\vtk-6.1\Modules\" />
      </Unit>
      <Unit filename="/Users/HyoMinLee/Desktop/IndependentStudy/HW2/Code/iCell/../../../../../../../usr/local/lib/cmake/vtk-6.1/Modules/vtkIOPLY.cmake">
          <Option virtualFolder="CMake Files\..\..\..\..\..\..\..\usr\local\lib\cmake\vtk-6.1\Modules\" />
      </Unit>
      <Unit filename="/Users/HyoMinLee/Desktop/IndependentStudy/HW2/Code/iCell/../../../../../../../usr/local/lib/cmake/vtk-6.1/Modules/vtkIOSQL.cmake">
          <Option virtualFolder="CMake Files\..\..\..\..\..\..\..\usr\local\lib\cmake\vtk-6.1\Modules\" />
      </Unit>
      <Unit filename="/Users/HyoMinLee/Desktop/IndependentStudy/HW2/Code/iCell/../../../../../../../usr/local/lib/cmake/vtk-6.1/Modules/vtksqlite.cmake">
          <Option virtualFolder="CMake Files\..\..\..\..\..\..\..\usr\local\lib\cmake\vtk-6.1\Modules\" />
      </Unit>
      <Unit filename="/Users/HyoMinLee/Desktop/IndependentStudy/HW2/Code/iCell/../../../../../../../usr/local/lib/cmake/vtk-6.1/Modules/vtkIOVideo.cmake">
          <Option virtualFolder="CMake Files\..\..\..\..\..\..\..\usr\local\lib\cmake\vtk-6.1\Modules\" />
      </Unit>
      <Unit filename="/Users/HyoMinLee/Desktop/IndependentStudy/HW2/Code/iCell/../../../../../../../usr/local/lib/cmake/vtk-6.1/Modules/vtkRenderingFreeTypeOpenGL.cmake">
          <Option virtualFolder="CMake Files\..\..\..\..\..\..\..\usr\local\lib\cmake\vtk-6.1\Modules\" />
      </Unit>
      <Unit filename="/Users/HyoMinLee/Desktop/IndependentStudy/HW2/Code/iCell/../../../../../../../usr/local/lib/cmake/vtk-6.1/Modules/vtkRenderingImage.cmake">
          <Option virtualFolder="CMake Files\..\..\..\..\..\..\..\usr\local\lib\cmake\vtk-6.1\Modules\" />
      </Unit>
      <Unit filename="/Users/HyoMinLee/Desktop/IndependentStudy/HW2/Code/iCell/../../../../../../../usr/local/lib/cmake/vtk-6.1/Modules/vtkRenderingLIC.cmake">
          <Option virtualFolder="CMake Files\..\..\..\..\..\..\..\usr\local\lib\cmake\vtk-6.1\Modules\" />
      </Unit>
      <Unit filename="/Users/HyoMinLee/Desktop/IndependentStudy/HW2/Code/iCell/../../../../../../../usr/local/lib/cmake/vtk-6.1/Modules/vtkRenderingLOD.cmake">
          <Option virtualFolder="CMake Files\..\..\..\..\..\..\..\usr\local\lib\cmake\vtk-6.1\Modules\" />
      </Unit>
      <Unit filename="/Users/HyoMinLee/Desktop/IndependentStudy/HW2/Code/iCell/../../../../../../../usr/local/lib/cmake/vtk-6.1/Modules/vtkRenderingVolumeAMR.cmake">
          <Option virtualFolder="CMake Files\..\..\..\..\..\..\..\usr\local\lib\cmake\vtk-6.1\Modules\" />
      </Unit>
      <Unit filename="/Users/HyoMinLee/Desktop/IndependentStudy/HW2/Code/iCell/../../../../../../../usr/local/lib/cmake/vtk-6.1/Modules/vtkRenderingVolumeOpenGL.cmake">
          <Option virtualFolder="CMake Files\..\..\..\..\..\..\..\usr\local\lib\cmake\vtk-6.1\Modules\" />
      </Unit>
      <Unit filename="/Users/HyoMinLee/Desktop/IndependentStudy/HW2/Code/iCell/../../../../../../../usr/local/lib/cmake/vtk-6.1/Modules/vtkViewsContext2D.cmake">
          <Option virtualFolder="CMake Files\..\..\..\..\..\..\..\usr\local\lib\cmake\vtk-6.1\Modules\" />
      </Unit>
      <Unit filename="/Users/HyoMinLee/Desktop/IndependentStudy/HW2/Code/iCell/../../../../../../../usr/local/lib/cmake/vtk-6.1/Modules/vtkViewsGeovis.cmake">
          <Option virtualFolder="CMake Files\..\..\..\..\..\..\..\usr\local\lib\cmake\vtk-6.1\Modules\" />
      </Unit>
      <Unit filename="/Users/HyoMinLee/Desktop/IndependentStudy/HW2/Code/iCell/../../../../../../../usr/local/lib/cmake/vtk-6.1/Modules/vtkViewsInfovis.cmake">
          <Option virtualFolder="CMake Files\..\..\..\..\..\..\..\usr\local\lib\cmake\vtk-6.1\Modules\" />
      </Unit>
   </Project>
</CodeBlocks_project_file>
